// !$*UTF8*$!
{
	archiveVersion = 1;
	classes = {
	};
	objectVersion = 46;
	objects = {

/* Begin PBXBuildFile section */
		27A444F818BB8E0F000C1335 /* MyLoginViewController.m in Sources */ = {isa = PBXBuildFile; fileRef = 27A444F718BB8E0F000C1335 /* MyLoginViewController.m */; };
		27A444FA18BCD33C000C1335 /* app_icon120-120.png in Resources */ = {isa = PBXBuildFile; fileRef = 27A444F918BCD33C000C1335 /* app_icon120-120.png */; };
		27A444FC18BCD3F2000C1335 /* app_icon80-80.png in Resources */ = {isa = PBXBuildFile; fileRef = 27A444FB18BCD3F2000C1335 /* app_icon80-80.png */; };
		27A444FE18BCD432000C1335 /* appicon.png in Resources */ = {isa = PBXBuildFile; fileRef = 27A444FD18BCD432000C1335 /* appicon.png */; };
		27A4450318BCD673000C1335 /* ic_tabbardivision_normal.png in Resources */ = {isa = PBXBuildFile; fileRef = 27A444FF18BCD673000C1335 /* ic_tabbardivision_normal.png */; };
		27A4450418BCD673000C1335 /* ic_tabbarmultiply_normal.png in Resources */ = {isa = PBXBuildFile; fileRef = 27A4450018BCD673000C1335 /* ic_tabbarmultiply_normal.png */; };
		27A4450518BCD673000C1335 /* ic_tabbarsubtract_normal.png in Resources */ = {isa = PBXBuildFile; fileRef = 27A4450118BCD673000C1335 /* ic_tabbarsubtract_normal.png */; };
		27A4450618BCD673000C1335 /* ic_tabbaraddition_normal.png in Resources */ = {isa = PBXBuildFile; fileRef = 27A4450218BCD673000C1335 /* ic_tabbaraddition_normal.png */; };
		27A4450A18BCE177000C1335 /* mobilmath-splash320-480.png in Resources */ = {isa = PBXBuildFile; fileRef = 27A4450718BCE177000C1335 /* mobilmath-splash320-480.png */; };
		27A4450B18BCE177000C1335 /* mobilmath-splash640-960.png in Resources */ = {isa = PBXBuildFile; fileRef = 27A4450818BCE177000C1335 /* mobilmath-splash640-960.png */; };
		27A4450C18BCE177000C1335 /* mobilmath-splash640-1136.png in Resources */ = {isa = PBXBuildFile; fileRef = 27A4450918BCE177000C1335 /* mobilmath-splash640-1136.png */; };
		27A4450F18BD1EE2000C1335 /* btn_achvmntitem_normal@2x.png in Resources */ = {isa = PBXBuildFile; fileRef = 27A4450D18BD1EE2000C1335 /* btn_achvmntitem_normal@2x.png */; };
		27A4451018BD1EE2000C1335 /* btn_achvmntitem_pressed@2x.png in Resources */ = {isa = PBXBuildFile; fileRef = 27A4450E18BD1EE2000C1335 /* btn_achvmntitem_pressed@2x.png */; };
		27A4451F18BD20B4000C1335 /* btn_achvmntitem_pressed.png in Resources */ = {isa = PBXBuildFile; fileRef = 27A4451118BD20B4000C1335 /* btn_achvmntitem_pressed.png */; };
		27A4452018BD20B4000C1335 /* btn_achvmntitem_normal.png in Resources */ = {isa = PBXBuildFile; fileRef = 27A4451218BD20B4000C1335 /* btn_achvmntitem_normal.png */; };
		27A4452118BD20B4000C1335 /* btn_stickersitem_normal@2x.png in Resources */ = {isa = PBXBuildFile; fileRef = 27A4451318BD20B4000C1335 /* btn_stickersitem_normal@2x.png */; };
		27A4452218BD20B4000C1335 /* btn_stickersitem_pressed@2x.png in Resources */ = {isa = PBXBuildFile; fileRef = 27A4451418BD20B4000C1335 /* btn_stickersitem_pressed@2x.png */; };
		27A4452318BD20B4000C1335 /* btn_stickersitem_pressed.png in Resources */ = {isa = PBXBuildFile; fileRef = 27A4451518BD20B4000C1335 /* btn_stickersitem_pressed.png */; };
		27A4452418BD20B4000C1335 /* btn_stickersitem_normal.png in Resources */ = {isa = PBXBuildFile; fileRef = 27A4451618BD20B4000C1335 /* btn_stickersitem_normal.png */; };
		27A4452518BD20B4000C1335 /* btn_progressitem_normal@2x.png in Resources */ = {isa = PBXBuildFile; fileRef = 27A4451718BD20B4000C1335 /* btn_progressitem_normal@2x.png */; };
		27A4452618BD20B4000C1335 /* btn_progressitem_pressed@2x.png in Resources */ = {isa = PBXBuildFile; fileRef = 27A4451818BD20B4000C1335 /* btn_progressitem_pressed@2x.png */; };
		27A4452718BD20B4000C1335 /* btn_progressitem_pressed.png in Resources */ = {isa = PBXBuildFile; fileRef = 27A4451918BD20B4000C1335 /* btn_progressitem_pressed.png */; };
		27A4452818BD20B4000C1335 /* btn_progressitem_normal.png in Resources */ = {isa = PBXBuildFile; fileRef = 27A4451A18BD20B4000C1335 /* btn_progressitem_normal.png */; };
		27A4452918BD20B4000C1335 /* btn_mathitem_pressed@2x.png in Resources */ = {isa = PBXBuildFile; fileRef = 27A4451B18BD20B4000C1335 /* btn_mathitem_pressed@2x.png */; };
		27A4452A18BD20B4000C1335 /* btn_mathitem_normal@2x.png in Resources */ = {isa = PBXBuildFile; fileRef = 27A4451C18BD20B4000C1335 /* btn_mathitem_normal@2x.png */; };
		27A4452B18BD20B4000C1335 /* btn_mathitem_pressed.png in Resources */ = {isa = PBXBuildFile; fileRef = 27A4451D18BD20B4000C1335 /* btn_mathitem_pressed.png */; };
		27A4452C18BD20B4000C1335 /* btn_mathitem_normal.png in Resources */ = {isa = PBXBuildFile; fileRef = 27A4451E18BD20B4000C1335 /* btn_mathitem_normal.png */; };
		27A4452F18BD2256000C1335 /* ic_correctface@2x.png in Resources */ = {isa = PBXBuildFile; fileRef = 27A4452D18BD2256000C1335 /* ic_correctface@2x.png */; };
		27A4453018BD2256000C1335 /* ic_correctface.png in Resources */ = {isa = PBXBuildFile; fileRef = 27A4452E18BD2256000C1335 /* ic_correctface.png */; };
		27A4453518BD25FA000C1335 /* math_imagemultiply@2x.png in Resources */ = {isa = PBXBuildFile; fileRef = 27A4453118BD25FA000C1335 /* math_imagemultiply@2x.png */; };
		27A4453618BD25FA000C1335 /* math_imagemultiply.png in Resources */ = {isa = PBXBuildFile; fileRef = 27A4453218BD25FA000C1335 /* math_imagemultiply.png */; };
		27A4453718BD25FA000C1335 /* math_imagedivision@2x.png in Resources */ = {isa = PBXBuildFile; fileRef = 27A4453318BD25FA000C1335 /* math_imagedivision@2x.png */; };
		27A4453818BD25FA000C1335 /* math_imagedivision.png in Resources */ = {isa = PBXBuildFile; fileRef = 27A4453418BD25FA000C1335 /* math_imagedivision.png */; };
		27A4453D18BD2685000C1335 /* btn_additionitem_pressed@2x.png in Resources */ = {isa = PBXBuildFile; fileRef = 27A4453918BD2685000C1335 /* btn_additionitem_pressed@2x.png */; };
		27A4453E18BD2685000C1335 /* btn_additionitem_pressed.png in Resources */ = {isa = PBXBuildFile; fileRef = 27A4453A18BD2685000C1335 /* btn_additionitem_pressed.png */; };
		27A4453F18BD2685000C1335 /* btn_additionitem_normal@2x.png in Resources */ = {isa = PBXBuildFile; fileRef = 27A4453B18BD2685000C1335 /* btn_additionitem_normal@2x.png */; };
		27A4454018BD2685000C1335 /* btn_additionitem_normal.png in Resources */ = {isa = PBXBuildFile; fileRef = 27A4453C18BD2685000C1335 /* btn_additionitem_normal.png */; };
		27B54DD918AD44270068E68A /* boy@2x.png in Resources */ = {isa = PBXBuildFile; fileRef = 27B54DD818AD44270068E68A /* boy@2x.png */; };
		27FD304818B6866700EE75A8 /* miso-light.ttf in Resources */ = {isa = PBXBuildFile; fileRef = 27FD304718B6866700EE75A8 /* miso-light.ttf */; };
		27FD304918B6867200EE75A8 /* miso-bold.ttf in Resources */ = {isa = PBXBuildFile; fileRef = 27FD304618B6864900EE75A8 /* miso-bold.ttf */; };
		27FD304B18B6867A00EE75A8 /* miso-regular.ttf in Resources */ = {isa = PBXBuildFile; fileRef = 27FD304A18B6867A00EE75A8 /* miso-regular.ttf */; };
		27FD305618B6C86700EE75A8 /* Main.storyboard in Resources */ = {isa = PBXBuildFile; fileRef = 27FD305418B6C86700EE75A8 /* Main.storyboard */; };
		27FD305B18B6CB9200EE75A8 /* btn_keypad_bg_pressed@2x.png in Resources */ = {isa = PBXBuildFile; fileRef = 27FD305718B6CB9200EE75A8 /* btn_keypad_bg_pressed@2x.png */; };
		27FD305C18B6CB9200EE75A8 /* btn_keypad_bg_pressed.png in Resources */ = {isa = PBXBuildFile; fileRef = 27FD305818B6CB9200EE75A8 /* btn_keypad_bg_pressed.png */; };
		27FD305D18B6CB9200EE75A8 /* btn_keypad_bg_normal@2x.png in Resources */ = {isa = PBXBuildFile; fileRef = 27FD305918B6CB9200EE75A8 /* btn_keypad_bg_normal@2x.png */; };
		27FD305E18B6CB9200EE75A8 /* btn_keypad_bg_normal.png in Resources */ = {isa = PBXBuildFile; fileRef = 27FD305A18B6CB9200EE75A8 /* btn_keypad_bg_normal.png */; };
		27FD307818B6CD6B00EE75A8 /* math_login_screen_brand@2x.png in Resources */ = {isa = PBXBuildFile; fileRef = 27FD305F18B6CD6B00EE75A8 /* math_login_screen_brand@2x.png */; };
		27FD307918B6CD6B00EE75A8 /* math_login_screen_brand.png in Resources */ = {isa = PBXBuildFile; fileRef = 27FD306018B6CD6B00EE75A8 /* math_login_screen_brand.png */; };
		27FD307D18B6CD6B00EE75A8 /* ic_division_pressed@2x.png in Resources */ = {isa = PBXBuildFile; fileRef = 27FD306418B6CD6B00EE75A8 /* ic_division_pressed@2x.png */; };
		27FD307E18B6CD6B00EE75A8 /* ic_division_pressed.png in Resources */ = {isa = PBXBuildFile; fileRef = 27FD306518B6CD6B00EE75A8 /* ic_division_pressed.png */; };
		27FD307F18B6CD6B00EE75A8 /* ic_subtract_pressed@2x.png in Resources */ = {isa = PBXBuildFile; fileRef = 27FD306618B6CD6B00EE75A8 /* ic_subtract_pressed@2x.png */; };
		27FD308018B6CD6B00EE75A8 /* ic_subtract_pressed.png in Resources */ = {isa = PBXBuildFile; fileRef = 27FD306718B6CD6B00EE75A8 /* ic_subtract_pressed.png */; };
		27FD308118B6CD6B00EE75A8 /* ic_multiply_pressed@2x.png in Resources */ = {isa = PBXBuildFile; fileRef = 27FD306818B6CD6B00EE75A8 /* ic_multiply_pressed@2x.png */; };
		27FD308218B6CD6B00EE75A8 /* ic_multiply_pressed.png in Resources */ = {isa = PBXBuildFile; fileRef = 27FD306918B6CD6B00EE75A8 /* ic_multiply_pressed.png */; };
		27FD308318B6CD6B00EE75A8 /* ic_addition_pressed@2x.png in Resources */ = {isa = PBXBuildFile; fileRef = 27FD306A18B6CD6B00EE75A8 /* ic_addition_pressed@2x.png */; };
		27FD308418B6CD6B00EE75A8 /* ic_addition_pressed.png in Resources */ = {isa = PBXBuildFile; fileRef = 27FD306B18B6CD6B00EE75A8 /* ic_addition_pressed.png */; };
		27FD308518B6CD6B00EE75A8 /* ic_correct@2x.png in Resources */ = {isa = PBXBuildFile; fileRef = 27FD306C18B6CD6B00EE75A8 /* ic_correct@2x.png */; };
		27FD308618B6CD6B00EE75A8 /* ic_correct.png in Resources */ = {isa = PBXBuildFile; fileRef = 27FD306D18B6CD6B00EE75A8 /* ic_correct.png */; };
		27FD308718B6CD6B00EE75A8 /* ic_wrong_face@2x.png in Resources */ = {isa = PBXBuildFile; fileRef = 27FD306E18B6CD6B00EE75A8 /* ic_wrong_face@2x.png */; };
		27FD308818B6CD6B00EE75A8 /* ic_wrong_face.png in Resources */ = {isa = PBXBuildFile; fileRef = 27FD306F18B6CD6B00EE75A8 /* ic_wrong_face.png */; };
		27FD308918B6CD6B00EE75A8 /* ic_addition_normal@2x.png in Resources */ = {isa = PBXBuildFile; fileRef = 27FD307018B6CD6B00EE75A8 /* ic_addition_normal@2x.png */; };
		27FD308A18B6CD6B00EE75A8 /* ic_multiply_normal@2x.png in Resources */ = {isa = PBXBuildFile; fileRef = 27FD307118B6CD6B00EE75A8 /* ic_multiply_normal@2x.png */; };
		27FD308B18B6CD6B00EE75A8 /* ic_subtract_normal@2x.png in Resources */ = {isa = PBXBuildFile; fileRef = 27FD307218B6CD6B00EE75A8 /* ic_subtract_normal@2x.png */; };
		27FD308C18B6CD6B00EE75A8 /* ic_division_normal@2x.png in Resources */ = {isa = PBXBuildFile; fileRef = 27FD307318B6CD6B00EE75A8 /* ic_division_normal@2x.png */; };
		27FD308D18B6CD6B00EE75A8 /* ic_division_normal.png in Resources */ = {isa = PBXBuildFile; fileRef = 27FD307418B6CD6B00EE75A8 /* ic_division_normal.png */; };
		27FD308E18B6CD6B00EE75A8 /* ic_subtract_normal.png in Resources */ = {isa = PBXBuildFile; fileRef = 27FD307518B6CD6B00EE75A8 /* ic_subtract_normal.png */; };
		27FD308F18B6CD6B00EE75A8 /* ic_multiply_normal.png in Resources */ = {isa = PBXBuildFile; fileRef = 27FD307618B6CD6B00EE75A8 /* ic_multiply_normal.png */; };
		27FD309018B6CD6B00EE75A8 /* ic_addition_normal.png in Resources */ = {isa = PBXBuildFile; fileRef = 27FD307718B6CD6B00EE75A8 /* ic_addition_normal.png */; };
		27FD30C118B6DC6100EE75A8 /* btn_division_item_pressed@2x.png in Resources */ = {isa = PBXBuildFile; fileRef = 27FD30B118B6DC6100EE75A8 /* btn_division_item_pressed@2x.png */; };
		27FD30C218B6DC6100EE75A8 /* btn_division_item_pressed.png in Resources */ = {isa = PBXBuildFile; fileRef = 27FD30B218B6DC6100EE75A8 /* btn_division_item_pressed.png */; };
		27FD30C318B6DC6100EE75A8 /* btn_division_item_normal@2x.png in Resources */ = {isa = PBXBuildFile; fileRef = 27FD30B318B6DC6100EE75A8 /* btn_division_item_normal@2x.png */; };
		27FD30C418B6DC6100EE75A8 /* btn_division_item_normal.png in Resources */ = {isa = PBXBuildFile; fileRef = 27FD30B418B6DC6100EE75A8 /* btn_division_item_normal.png */; };
		27FD30C518B6DC6100EE75A8 /* btn_multiplcation_item_pressed@2x.png in Resources */ = {isa = PBXBuildFile; fileRef = 27FD30B518B6DC6100EE75A8 /* btn_multiplcation_item_pressed@2x.png */; };
		27FD30C618B6DC6100EE75A8 /* btn_multiplcation_item_normal@2x.png in Resources */ = {isa = PBXBuildFile; fileRef = 27FD30B618B6DC6100EE75A8 /* btn_multiplcation_item_normal@2x.png */; };
		27FD30C718B6DC6100EE75A8 /* btn_multiplcation_item_pressed.png in Resources */ = {isa = PBXBuildFile; fileRef = 27FD30B718B6DC6100EE75A8 /* btn_multiplcation_item_pressed.png */; };
		27FD30C818B6DC6100EE75A8 /* btn_multiplcation_item_normal.png in Resources */ = {isa = PBXBuildFile; fileRef = 27FD30B818B6DC6100EE75A8 /* btn_multiplcation_item_normal.png */; };
		27FD30C918B6DC6100EE75A8 /* btn_subtraction_item_pressed@2x.png in Resources */ = {isa = PBXBuildFile; fileRef = 27FD30B918B6DC6100EE75A8 /* btn_subtraction_item_pressed@2x.png */; };
		27FD30CA18B6DC6100EE75A8 /* btn_subtraction_item_pressed.png in Resources */ = {isa = PBXBuildFile; fileRef = 27FD30BA18B6DC6100EE75A8 /* btn_subtraction_item_pressed.png */; };
		27FD30CB18B6DC6100EE75A8 /* btn_subtraction_item_normal@2x.png in Resources */ = {isa = PBXBuildFile; fileRef = 27FD30BB18B6DC6100EE75A8 /* btn_subtraction_item_normal@2x.png */; };
		27FD30CC18B6DC6100EE75A8 /* btn_subtraction_item_normal.png in Resources */ = {isa = PBXBuildFile; fileRef = 27FD30BC18B6DC6100EE75A8 /* btn_subtraction_item_normal.png */; };
		27FD30CD18B6DC6100EE75A8 /* btn_addition_item_pressed@2x.png in Resources */ = {isa = PBXBuildFile; fileRef = 27FD30BD18B6DC6100EE75A8 /* btn_addition_item_pressed@2x.png */; };
		27FD30CE18B6DC6100EE75A8 /* btn_addition_item_normal@2x.png in Resources */ = {isa = PBXBuildFile; fileRef = 27FD30BE18B6DC6100EE75A8 /* btn_addition_item_normal@2x.png */; };
		27FD30CF18B6DC6100EE75A8 /* btn_addition_item_pressed.png in Resources */ = {isa = PBXBuildFile; fileRef = 27FD30BF18B6DC6100EE75A8 /* btn_addition_item_pressed.png */; };
		27FD30D018B6DC6100EE75A8 /* btn_addition_item_normal.png in Resources */ = {isa = PBXBuildFile; fileRef = 27FD30C018B6DC6100EE75A8 /* btn_addition_item_normal.png */; };
		27FD30D918BA9DE500EE75A8 /* math_addition@2x.png in Resources */ = {isa = PBXBuildFile; fileRef = 27FD30D818BA9DE500EE75A8 /* math_addition@2x.png */; };
		27FD30DB18BA9E9900EE75A8 /* math_placeholder@2x.png in Resources */ = {isa = PBXBuildFile; fileRef = 27FD30DA18BA9E9900EE75A8 /* math_placeholder@2x.png */; };
		27FD30DD18BA9EA900EE75A8 /* math_subtraction@2x.png in Resources */ = {isa = PBXBuildFile; fileRef = 27FD30DC18BA9EA900EE75A8 /* math_subtraction@2x.png */; };
		6D010FB118B3075D0095B0E7 /* star@2x.png in Resources */ = {isa = PBXBuildFile; fileRef = 6D010FB018B3075D0095B0E7 /* star@2x.png */; };
		6D17BD5318AC1CFE009A7416 /* AchievementHeader.m in Sources */ = {isa = PBXBuildFile; fileRef = 6D17BD5218AC1CFE009A7416 /* AchievementHeader.m */; };
		6D18826218A943DF003DCA92 /* StickersViewController.m in Sources */ = {isa = PBXBuildFile; fileRef = 6D18826118A943DF003DCA92 /* StickersViewController.m */; };
		6D18826518A94458003DCA92 /* StickerCell.m in Sources */ = {isa = PBXBuildFile; fileRef = 6D18826418A94458003DCA92 /* StickerCell.m */; };
		6D18827618A99D54003DCA92 /* Achievement.m in Sources */ = {isa = PBXBuildFile; fileRef = 6D18827518A99D54003DCA92 /* Achievement.m */; };
		6D1BE7D818A9C2750079102A /* AchievementsViewController.m in Sources */ = {isa = PBXBuildFile; fileRef = 6D1BE7D718A9C2750079102A /* AchievementsViewController.m */; };
		6D1BE7DB18A9C2FB0079102A /* AchievementCell.m in Sources */ = {isa = PBXBuildFile; fileRef = 6D1BE7DA18A9C2FB0079102A /* AchievementCell.m */; };
		6D383D3818B26D83007F2116 /* TradeWallCell.m in Sources */ = {isa = PBXBuildFile; fileRef = 6D383D3718B26D83007F2116 /* TradeWallCell.m */; };
		6D383D3B18B27587007F2116 /* MakeTradeViewController.m in Sources */ = {isa = PBXBuildFile; fileRef = 6D383D3A18B27587007F2116 /* MakeTradeViewController.m */; };
		6D383D3E18B27C2D007F2116 /* MakeTradeCell.m in Sources */ = {isa = PBXBuildFile; fileRef = 6D383D3D18B27C2D007F2116 /* MakeTradeCell.m */; };
		6D5C8C3718B13F5E00E63D1A /* ChooseStickerViewController.m in Sources */ = {isa = PBXBuildFile; fileRef = 6D5C8C3618B13F5E00E63D1A /* ChooseStickerViewController.m */; };
		6D5C8C3A18B1417900E63D1A /* ChooseStickerCell.m in Sources */ = {isa = PBXBuildFile; fileRef = 6D5C8C3918B1417900E63D1A /* ChooseStickerCell.m */; };
		6D6EEFFEF0B94C0883934CFA /* libPods.a in Frameworks */ = {isa = PBXBuildFile; fileRef = 11D82320CD96410092541D1A /* libPods.a */; };
		6D891EA418A582EC0002B915 /* Foundation.framework in Frameworks */ = {isa = PBXBuildFile; fileRef = 6D891EA318A582EC0002B915 /* Foundation.framework */; };
		6D891EA618A582EC0002B915 /* CoreGraphics.framework in Frameworks */ = {isa = PBXBuildFile; fileRef = 6D891EA518A582EC0002B915 /* CoreGraphics.framework */; };
		6D891EA818A582EC0002B915 /* UIKit.framework in Frameworks */ = {isa = PBXBuildFile; fileRef = 6D891EA718A582EC0002B915 /* UIKit.framework */; };
		6D891EAE18A582EC0002B915 /* InfoPlist.strings in Resources */ = {isa = PBXBuildFile; fileRef = 6D891EAC18A582EC0002B915 /* InfoPlist.strings */; };
		6D891EB018A582EC0002B915 /* main.m in Sources */ = {isa = PBXBuildFile; fileRef = 6D891EAF18A582EC0002B915 /* main.m */; };
		6D891EB418A582EC0002B915 /* AppDelegate.m in Sources */ = {isa = PBXBuildFile; fileRef = 6D891EB318A582EC0002B915 /* AppDelegate.m */; };
		6D891EBA18A582EC0002B915 /* MathViewController.m in Sources */ = {isa = PBXBuildFile; fileRef = 6D891EB918A582EC0002B915 /* MathViewController.m */; };
		6D891EBC18A582EC0002B915 /* Images.xcassets in Resources */ = {isa = PBXBuildFile; fileRef = 6D891EBB18A582EC0002B915 /* Images.xcassets */; };
		6D891EC318A582EC0002B915 /* XCTest.framework in Frameworks */ = {isa = PBXBuildFile; fileRef = 6D891EC218A582EC0002B915 /* XCTest.framework */; };
		6D891EC418A582EC0002B915 /* Foundation.framework in Frameworks */ = {isa = PBXBuildFile; fileRef = 6D891EA318A582EC0002B915 /* Foundation.framework */; };
		6D891EC518A582EC0002B915 /* UIKit.framework in Frameworks */ = {isa = PBXBuildFile; fileRef = 6D891EA718A582EC0002B915 /* UIKit.framework */; };
		6D891ECD18A582EC0002B915 /* InfoPlist.strings in Resources */ = {isa = PBXBuildFile; fileRef = 6D891ECB18A582EC0002B915 /* InfoPlist.strings */; };
		6D891ECF18A582EC0002B915 /* MathletesTests.m in Sources */ = {isa = PBXBuildFile; fileRef = 6D891ECE18A582EC0002B915 /* MathletesTests.m */; };
		6D891EDA18A5B3CB0002B915 /* ProfileViewController.m in Sources */ = {isa = PBXBuildFile; fileRef = 6D891ED918A5B3CB0002B915 /* ProfileViewController.m */; };
		6D891EDF18A5BF6B0002B915 /* ChooseOperationsViewController.m in Sources */ = {isa = PBXBuildFile; fileRef = 6D891EDE18A5BF6B0002B915 /* ChooseOperationsViewController.m */; };
		6D99FF7318B16D5400CE0EFF /* TradeWallViewController.m in Sources */ = {isa = PBXBuildFile; fileRef = 6D99FF7218B16D5400CE0EFF /* TradeWallViewController.m */; };
		6DA5778118B42F15004B10F7 /* campfire@2x.png in Resources */ = {isa = PBXBuildFile; fileRef = 6DA5778018B42F15004B10F7 /* campfire@2x.png */; };
		6DA5778318B42F21004B10F7 /* puppy@2x.png in Resources */ = {isa = PBXBuildFile; fileRef = 6DA5778218B42F21004B10F7 /* puppy@2x.png */; };
		6DA5778F18B43425004B10F7 /* libz.dylib in Frameworks */ = {isa = PBXBuildFile; fileRef = 6DA5778E18B43425004B10F7 /* libz.dylib */; };
		6DB5ACCF18B2E5D00098A72D /* kitten@2x.png in Resources */ = {isa = PBXBuildFile; fileRef = 6DB5ACC818B2E5D00098A72D /* kitten@2x.png */; };
		6DB5ACD018B2E5D00098A72D /* tiger@2x.png in Resources */ = {isa = PBXBuildFile; fileRef = 6DB5ACC918B2E5D00098A72D /* tiger@2x.png */; };
		6DB5ACD218B2E5D00098A72D /* murray@2x.png in Resources */ = {isa = PBXBuildFile; fileRef = 6DB5ACCB18B2E5D00098A72D /* murray@2x.png */; };
		6DB5ACD318B2E5D00098A72D /* lion@2x.png in Resources */ = {isa = PBXBuildFile; fileRef = 6DB5ACCC18B2E5D00098A72D /* lion@2x.png */; };
		6DB5ACD418B2E5D00098A72D /* bear@2x.png in Resources */ = {isa = PBXBuildFile; fileRef = 6DB5ACCD18B2E5D00098A72D /* bear@2x.png */; };
		6DB5ACD518B2E5D00098A72D /* pizza@2x.png in Resources */ = {isa = PBXBuildFile; fileRef = 6DB5ACCE18B2E5D00098A72D /* pizza@2x.png */; };
		C950F2E618AA906A00AC33C6 /* MathProblem.m in Sources */ = {isa = PBXBuildFile; fileRef = C950F2E518AA906A00AC33C6 /* MathProblem.m */; };
		C987E0DF18A9AC70007CEC36 /* GridViewController.m in Sources */ = {isa = PBXBuildFile; fileRef = C987E0DE18A9AC70007CEC36 /* GridViewController.m */; };
/* End PBXBuildFile section */

/* Begin PBXContainerItemProxy section */
		6D891EC618A582EC0002B915 /* PBXContainerItemProxy */ = {
			isa = PBXContainerItemProxy;
			containerPortal = 6D891E9818A582EC0002B915 /* Project object */;
			proxyType = 1;
			remoteGlobalIDString = 6D891E9F18A582EC0002B915;
			remoteInfo = Mathletes;
		};
/* End PBXContainerItemProxy section */

/* Begin PBXFileReference section */
		0FBAD299D6F34B0D8960E650 /* Pods.xcconfig */ = {isa = PBXFileReference; includeInIndex = 1; lastKnownFileType = text.xcconfig; name = Pods.xcconfig; path = Pods/Pods.xcconfig; sourceTree = "<group>"; };
		11D82320CD96410092541D1A /* libPods.a */ = {isa = PBXFileReference; explicitFileType = archive.ar; includeInIndex = 0; path = libPods.a; sourceTree = BUILT_PRODUCTS_DIR; };
		27A444F618BB8E0F000C1335 /* MyLoginViewController.h */ = {isa = PBXFileReference; fileEncoding = 4; lastKnownFileType = sourcecode.c.h; path = MyLoginViewController.h; sourceTree = "<group>"; };
		27A444F718BB8E0F000C1335 /* MyLoginViewController.m */ = {isa = PBXFileReference; fileEncoding = 4; lastKnownFileType = sourcecode.c.objc; path = MyLoginViewController.m; sourceTree = "<group>"; };
		27A444F918BCD33C000C1335 /* app_icon120-120.png */ = {isa = PBXFileReference; lastKnownFileType = image.png; path = "app_icon120-120.png"; sourceTree = "<group>"; };
		27A444FB18BCD3F2000C1335 /* app_icon80-80.png */ = {isa = PBXFileReference; lastKnownFileType = image.png; path = "app_icon80-80.png"; sourceTree = "<group>"; };
		27A444FD18BCD432000C1335 /* appicon.png */ = {isa = PBXFileReference; lastKnownFileType = image.png; path = appicon.png; sourceTree = "<group>"; };
		27A444FF18BCD673000C1335 /* ic_tabbardivision_normal.png */ = {isa = PBXFileReference; lastKnownFileType = image.png; path = ic_tabbardivision_normal.png; sourceTree = "<group>"; };
		27A4450018BCD673000C1335 /* ic_tabbarmultiply_normal.png */ = {isa = PBXFileReference; lastKnownFileType = image.png; path = ic_tabbarmultiply_normal.png; sourceTree = "<group>"; };
		27A4450118BCD673000C1335 /* ic_tabbarsubtract_normal.png */ = {isa = PBXFileReference; lastKnownFileType = image.png; path = ic_tabbarsubtract_normal.png; sourceTree = "<group>"; };
		27A4450218BCD673000C1335 /* ic_tabbaraddition_normal.png */ = {isa = PBXFileReference; lastKnownFileType = image.png; path = ic_tabbaraddition_normal.png; sourceTree = "<group>"; };
		27A4450718BCE177000C1335 /* mobilmath-splash320-480.png */ = {isa = PBXFileReference; lastKnownFileType = image.png; path = "mobilmath-splash320-480.png"; sourceTree = "<group>"; };
		27A4450818BCE177000C1335 /* mobilmath-splash640-960.png */ = {isa = PBXFileReference; lastKnownFileType = image.png; path = "mobilmath-splash640-960.png"; sourceTree = "<group>"; };
		27A4450918BCE177000C1335 /* mobilmath-splash640-1136.png */ = {isa = PBXFileReference; lastKnownFileType = image.png; path = "mobilmath-splash640-1136.png"; sourceTree = "<group>"; };
		27A4450D18BD1EE2000C1335 /* btn_achvmntitem_normal@2x.png */ = {isa = PBXFileReference; lastKnownFileType = image.png; path = "btn_achvmntitem_normal@2x.png"; sourceTree = "<group>"; };
		27A4450E18BD1EE2000C1335 /* btn_achvmntitem_pressed@2x.png */ = {isa = PBXFileReference; lastKnownFileType = image.png; path = "btn_achvmntitem_pressed@2x.png"; sourceTree = "<group>"; };
		27A4451118BD20B4000C1335 /* btn_achvmntitem_pressed.png */ = {isa = PBXFileReference; lastKnownFileType = image.png; path = btn_achvmntitem_pressed.png; sourceTree = "<group>"; };
		27A4451218BD20B4000C1335 /* btn_achvmntitem_normal.png */ = {isa = PBXFileReference; lastKnownFileType = image.png; path = btn_achvmntitem_normal.png; sourceTree = "<group>"; };
		27A4451318BD20B4000C1335 /* btn_stickersitem_normal@2x.png */ = {isa = PBXFileReference; lastKnownFileType = image.png; path = "btn_stickersitem_normal@2x.png"; sourceTree = "<group>"; };
		27A4451418BD20B4000C1335 /* btn_stickersitem_pressed@2x.png */ = {isa = PBXFileReference; lastKnownFileType = image.png; path = "btn_stickersitem_pressed@2x.png"; sourceTree = "<group>"; };
		27A4451518BD20B4000C1335 /* btn_stickersitem_pressed.png */ = {isa = PBXFileReference; lastKnownFileType = image.png; path = btn_stickersitem_pressed.png; sourceTree = "<group>"; };
		27A4451618BD20B4000C1335 /* btn_stickersitem_normal.png */ = {isa = PBXFileReference; lastKnownFileType = image.png; path = btn_stickersitem_normal.png; sourceTree = "<group>"; };
		27A4451718BD20B4000C1335 /* btn_progressitem_normal@2x.png */ = {isa = PBXFileReference; lastKnownFileType = image.png; path = "btn_progressitem_normal@2x.png"; sourceTree = "<group>"; };
		27A4451818BD20B4000C1335 /* btn_progressitem_pressed@2x.png */ = {isa = PBXFileReference; lastKnownFileType = image.png; path = "btn_progressitem_pressed@2x.png"; sourceTree = "<group>"; };
		27A4451918BD20B4000C1335 /* btn_progressitem_pressed.png */ = {isa = PBXFileReference; lastKnownFileType = image.png; path = btn_progressitem_pressed.png; sourceTree = "<group>"; };
		27A4451A18BD20B4000C1335 /* btn_progressitem_normal.png */ = {isa = PBXFileReference; lastKnownFileType = image.png; path = btn_progressitem_normal.png; sourceTree = "<group>"; };
		27A4451B18BD20B4000C1335 /* btn_mathitem_pressed@2x.png */ = {isa = PBXFileReference; lastKnownFileType = image.png; path = "btn_mathitem_pressed@2x.png"; sourceTree = "<group>"; };
		27A4451C18BD20B4000C1335 /* btn_mathitem_normal@2x.png */ = {isa = PBXFileReference; lastKnownFileType = image.png; path = "btn_mathitem_normal@2x.png"; sourceTree = "<group>"; };
		27A4451D18BD20B4000C1335 /* btn_mathitem_pressed.png */ = {isa = PBXFileReference; lastKnownFileType = image.png; path = btn_mathitem_pressed.png; sourceTree = "<group>"; };
		27A4451E18BD20B4000C1335 /* btn_mathitem_normal.png */ = {isa = PBXFileReference; lastKnownFileType = image.png; path = btn_mathitem_normal.png; sourceTree = "<group>"; };
		27A4452D18BD2256000C1335 /* ic_correctface@2x.png */ = {isa = PBXFileReference; lastKnownFileType = image.png; path = "ic_correctface@2x.png"; sourceTree = "<group>"; };
		27A4452E18BD2256000C1335 /* ic_correctface.png */ = {isa = PBXFileReference; lastKnownFileType = image.png; path = ic_correctface.png; sourceTree = "<group>"; };
		27A4453118BD25FA000C1335 /* math_imagemultiply@2x.png */ = {isa = PBXFileReference; lastKnownFileType = image.png; path = "math_imagemultiply@2x.png"; sourceTree = "<group>"; };
		27A4453218BD25FA000C1335 /* math_imagemultiply.png */ = {isa = PBXFileReference; lastKnownFileType = image.png; path = math_imagemultiply.png; sourceTree = "<group>"; };
		27A4453318BD25FA000C1335 /* math_imagedivision@2x.png */ = {isa = PBXFileReference; lastKnownFileType = image.png; path = "math_imagedivision@2x.png"; sourceTree = "<group>"; };
		27A4453418BD25FA000C1335 /* math_imagedivision.png */ = {isa = PBXFileReference; lastKnownFileType = image.png; path = math_imagedivision.png; sourceTree = "<group>"; };
		27A4453918BD2685000C1335 /* btn_additionitem_pressed@2x.png */ = {isa = PBXFileReference; lastKnownFileType = image.png; path = "btn_additionitem_pressed@2x.png"; sourceTree = "<group>"; };
		27A4453A18BD2685000C1335 /* btn_additionitem_pressed.png */ = {isa = PBXFileReference; lastKnownFileType = image.png; path = btn_additionitem_pressed.png; sourceTree = "<group>"; };
		27A4453B18BD2685000C1335 /* btn_additionitem_normal@2x.png */ = {isa = PBXFileReference; lastKnownFileType = image.png; path = "btn_additionitem_normal@2x.png"; sourceTree = "<group>"; };
		27A4453C18BD2685000C1335 /* btn_additionitem_normal.png */ = {isa = PBXFileReference; lastKnownFileType = image.png; path = btn_additionitem_normal.png; sourceTree = "<group>"; };
		27B54DD818AD44270068E68A /* boy@2x.png */ = {isa = PBXFileReference; lastKnownFileType = image.png; path = "boy@2x.png"; sourceTree = "<group>"; };
		27FD304618B6864900EE75A8 /* miso-bold.ttf */ = {isa = PBXFileReference; lastKnownFileType = file; path = "miso-bold.ttf"; sourceTree = "<group>"; };
		27FD304718B6866700EE75A8 /* miso-light.ttf */ = {isa = PBXFileReference; lastKnownFileType = file; path = "miso-light.ttf"; sourceTree = "<group>"; };
		27FD304A18B6867A00EE75A8 /* miso-regular.ttf */ = {isa = PBXFileReference; lastKnownFileType = file; path = "miso-regular.ttf"; sourceTree = "<group>"; };
		27FD305518B6C86700EE75A8 /* Base */ = {isa = PBXFileReference; lastKnownFileType = file.storyboard; name = Base; path = Base.lproj/Main.storyboard; sourceTree = "<group>"; };
		27FD305718B6CB9200EE75A8 /* btn_keypad_bg_pressed@2x.png */ = {isa = PBXFileReference; lastKnownFileType = image.png; path = "btn_keypad_bg_pressed@2x.png"; sourceTree = "<group>"; };
		27FD305818B6CB9200EE75A8 /* btn_keypad_bg_pressed.png */ = {isa = PBXFileReference; lastKnownFileType = image.png; path = btn_keypad_bg_pressed.png; sourceTree = "<group>"; };
		27FD305918B6CB9200EE75A8 /* btn_keypad_bg_normal@2x.png */ = {isa = PBXFileReference; lastKnownFileType = image.png; path = "btn_keypad_bg_normal@2x.png"; sourceTree = "<group>"; };
		27FD305A18B6CB9200EE75A8 /* btn_keypad_bg_normal.png */ = {isa = PBXFileReference; lastKnownFileType = image.png; path = btn_keypad_bg_normal.png; sourceTree = "<group>"; };
		27FD305F18B6CD6B00EE75A8 /* math_login_screen_brand@2x.png */ = {isa = PBXFileReference; lastKnownFileType = image.png; path = "math_login_screen_brand@2x.png"; sourceTree = "<group>"; };
		27FD306018B6CD6B00EE75A8 /* math_login_screen_brand.png */ = {isa = PBXFileReference; lastKnownFileType = image.png; path = math_login_screen_brand.png; sourceTree = "<group>"; };
		27FD306418B6CD6B00EE75A8 /* ic_division_pressed@2x.png */ = {isa = PBXFileReference; lastKnownFileType = image.png; path = "ic_division_pressed@2x.png"; sourceTree = "<group>"; };
		27FD306518B6CD6B00EE75A8 /* ic_division_pressed.png */ = {isa = PBXFileReference; lastKnownFileType = image.png; path = ic_division_pressed.png; sourceTree = "<group>"; };
		27FD306618B6CD6B00EE75A8 /* ic_subtract_pressed@2x.png */ = {isa = PBXFileReference; lastKnownFileType = image.png; path = "ic_subtract_pressed@2x.png"; sourceTree = "<group>"; };
		27FD306718B6CD6B00EE75A8 /* ic_subtract_pressed.png */ = {isa = PBXFileReference; lastKnownFileType = image.png; path = ic_subtract_pressed.png; sourceTree = "<group>"; };
		27FD306818B6CD6B00EE75A8 /* ic_multiply_pressed@2x.png */ = {isa = PBXFileReference; lastKnownFileType = image.png; path = "ic_multiply_pressed@2x.png"; sourceTree = "<group>"; };
		27FD306918B6CD6B00EE75A8 /* ic_multiply_pressed.png */ = {isa = PBXFileReference; lastKnownFileType = image.png; path = ic_multiply_pressed.png; sourceTree = "<group>"; };
		27FD306A18B6CD6B00EE75A8 /* ic_addition_pressed@2x.png */ = {isa = PBXFileReference; lastKnownFileType = image.png; path = "ic_addition_pressed@2x.png"; sourceTree = "<group>"; };
		27FD306B18B6CD6B00EE75A8 /* ic_addition_pressed.png */ = {isa = PBXFileReference; lastKnownFileType = image.png; path = ic_addition_pressed.png; sourceTree = "<group>"; };
		27FD306C18B6CD6B00EE75A8 /* ic_correct@2x.png */ = {isa = PBXFileReference; lastKnownFileType = image.png; path = "ic_correct@2x.png"; sourceTree = "<group>"; };
		27FD306D18B6CD6B00EE75A8 /* ic_correct.png */ = {isa = PBXFileReference; lastKnownFileType = image.png; path = ic_correct.png; sourceTree = "<group>"; };
		27FD306E18B6CD6B00EE75A8 /* ic_wrong_face@2x.png */ = {isa = PBXFileReference; lastKnownFileType = image.png; path = "ic_wrong_face@2x.png"; sourceTree = "<group>"; };
		27FD306F18B6CD6B00EE75A8 /* ic_wrong_face.png */ = {isa = PBXFileReference; lastKnownFileType = image.png; path = ic_wrong_face.png; sourceTree = "<group>"; };
		27FD307018B6CD6B00EE75A8 /* ic_addition_normal@2x.png */ = {isa = PBXFileReference; lastKnownFileType = image.png; path = "ic_addition_normal@2x.png"; sourceTree = "<group>"; };
		27FD307118B6CD6B00EE75A8 /* ic_multiply_normal@2x.png */ = {isa = PBXFileReference; lastKnownFileType = image.png; path = "ic_multiply_normal@2x.png"; sourceTree = "<group>"; };
		27FD307218B6CD6B00EE75A8 /* ic_subtract_normal@2x.png */ = {isa = PBXFileReference; lastKnownFileType = image.png; path = "ic_subtract_normal@2x.png"; sourceTree = "<group>"; };
		27FD307318B6CD6B00EE75A8 /* ic_division_normal@2x.png */ = {isa = PBXFileReference; lastKnownFileType = image.png; path = "ic_division_normal@2x.png"; sourceTree = "<group>"; };
		27FD307418B6CD6B00EE75A8 /* ic_division_normal.png */ = {isa = PBXFileReference; lastKnownFileType = image.png; path = ic_division_normal.png; sourceTree = "<group>"; };
		27FD307518B6CD6B00EE75A8 /* ic_subtract_normal.png */ = {isa = PBXFileReference; lastKnownFileType = image.png; path = ic_subtract_normal.png; sourceTree = "<group>"; };
		27FD307618B6CD6B00EE75A8 /* ic_multiply_normal.png */ = {isa = PBXFileReference; lastKnownFileType = image.png; path = ic_multiply_normal.png; sourceTree = "<group>"; };
		27FD307718B6CD6B00EE75A8 /* ic_addition_normal.png */ = {isa = PBXFileReference; lastKnownFileType = image.png; path = ic_addition_normal.png; sourceTree = "<group>"; };
		27FD30B118B6DC6100EE75A8 /* btn_division_item_pressed@2x.png */ = {isa = PBXFileReference; lastKnownFileType = image.png; path = "btn_division_item_pressed@2x.png"; sourceTree = "<group>"; };
		27FD30B218B6DC6100EE75A8 /* btn_division_item_pressed.png */ = {isa = PBXFileReference; lastKnownFileType = image.png; path = btn_division_item_pressed.png; sourceTree = "<group>"; };
		27FD30B318B6DC6100EE75A8 /* btn_division_item_normal@2x.png */ = {isa = PBXFileReference; lastKnownFileType = image.png; path = "btn_division_item_normal@2x.png"; sourceTree = "<group>"; };
		27FD30B418B6DC6100EE75A8 /* btn_division_item_normal.png */ = {isa = PBXFileReference; lastKnownFileType = image.png; path = btn_division_item_normal.png; sourceTree = "<group>"; };
		27FD30B518B6DC6100EE75A8 /* btn_multiplcation_item_pressed@2x.png */ = {isa = PBXFileReference; lastKnownFileType = image.png; path = "btn_multiplcation_item_pressed@2x.png"; sourceTree = "<group>"; };
		27FD30B618B6DC6100EE75A8 /* btn_multiplcation_item_normal@2x.png */ = {isa = PBXFileReference; lastKnownFileType = image.png; path = "btn_multiplcation_item_normal@2x.png"; sourceTree = "<group>"; };
		27FD30B718B6DC6100EE75A8 /* btn_multiplcation_item_pressed.png */ = {isa = PBXFileReference; lastKnownFileType = image.png; path = btn_multiplcation_item_pressed.png; sourceTree = "<group>"; };
		27FD30B818B6DC6100EE75A8 /* btn_multiplcation_item_normal.png */ = {isa = PBXFileReference; lastKnownFileType = image.png; path = btn_multiplcation_item_normal.png; sourceTree = "<group>"; };
		27FD30B918B6DC6100EE75A8 /* btn_subtraction_item_pressed@2x.png */ = {isa = PBXFileReference; lastKnownFileType = image.png; path = "btn_subtraction_item_pressed@2x.png"; sourceTree = "<group>"; };
		27FD30BA18B6DC6100EE75A8 /* btn_subtraction_item_pressed.png */ = {isa = PBXFileReference; lastKnownFileType = image.png; path = btn_subtraction_item_pressed.png; sourceTree = "<group>"; };
		27FD30BB18B6DC6100EE75A8 /* btn_subtraction_item_normal@2x.png */ = {isa = PBXFileReference; lastKnownFileType = image.png; path = "btn_subtraction_item_normal@2x.png"; sourceTree = "<group>"; };
		27FD30BC18B6DC6100EE75A8 /* btn_subtraction_item_normal.png */ = {isa = PBXFileReference; lastKnownFileType = image.png; path = btn_subtraction_item_normal.png; sourceTree = "<group>"; };
		27FD30BD18B6DC6100EE75A8 /* btn_addition_item_pressed@2x.png */ = {isa = PBXFileReference; lastKnownFileType = image.png; path = "btn_addition_item_pressed@2x.png"; sourceTree = "<group>"; };
		27FD30BE18B6DC6100EE75A8 /* btn_addition_item_normal@2x.png */ = {isa = PBXFileReference; lastKnownFileType = image.png; path = "btn_addition_item_normal@2x.png"; sourceTree = "<group>"; };
		27FD30BF18B6DC6100EE75A8 /* btn_addition_item_pressed.png */ = {isa = PBXFileReference; lastKnownFileType = image.png; path = btn_addition_item_pressed.png; sourceTree = "<group>"; };
		27FD30C018B6DC6100EE75A8 /* btn_addition_item_normal.png */ = {isa = PBXFileReference; lastKnownFileType = image.png; path = btn_addition_item_normal.png; sourceTree = "<group>"; };
		27FD30D818BA9DE500EE75A8 /* math_addition@2x.png */ = {isa = PBXFileReference; lastKnownFileType = image.png; path = "math_addition@2x.png"; sourceTree = "<group>"; };
		27FD30DA18BA9E9900EE75A8 /* math_placeholder@2x.png */ = {isa = PBXFileReference; lastKnownFileType = image.png; path = "math_placeholder@2x.png"; sourceTree = "<group>"; };
		27FD30DC18BA9EA900EE75A8 /* math_subtraction@2x.png */ = {isa = PBXFileReference; lastKnownFileType = image.png; path = "math_subtraction@2x.png"; sourceTree = "<group>"; };
		6D010FB018B3075D0095B0E7 /* star@2x.png */ = {isa = PBXFileReference; lastKnownFileType = image.png; path = "star@2x.png"; sourceTree = "<group>"; };
		6D0F673218BBC9460098011A /* QuartzCore.framework */ = {isa = PBXFileReference; lastKnownFileType = wrapper.framework; name = QuartzCore.framework; path = System/Library/Frameworks/QuartzCore.framework; sourceTree = SDKROOT; };
		6D17BD5118AC1CFE009A7416 /* AchievementHeader.h */ = {isa = PBXFileReference; fileEncoding = 4; lastKnownFileType = sourcecode.c.h; path = AchievementHeader.h; sourceTree = "<group>"; };
		6D17BD5218AC1CFE009A7416 /* AchievementHeader.m */ = {isa = PBXFileReference; fileEncoding = 4; lastKnownFileType = sourcecode.c.objc; path = AchievementHeader.m; sourceTree = "<group>"; };
		6D18826018A943DF003DCA92 /* StickersViewController.h */ = {isa = PBXFileReference; fileEncoding = 4; lastKnownFileType = sourcecode.c.h; path = StickersViewController.h; sourceTree = "<group>"; };
		6D18826118A943DF003DCA92 /* StickersViewController.m */ = {isa = PBXFileReference; fileEncoding = 4; lastKnownFileType = sourcecode.c.objc; path = StickersViewController.m; sourceTree = "<group>"; };
		6D18826318A94458003DCA92 /* StickerCell.h */ = {isa = PBXFileReference; fileEncoding = 4; lastKnownFileType = sourcecode.c.h; path = StickerCell.h; sourceTree = "<group>"; };
		6D18826418A94458003DCA92 /* StickerCell.m */ = {isa = PBXFileReference; fileEncoding = 4; lastKnownFileType = sourcecode.c.objc; path = StickerCell.m; sourceTree = "<group>"; };
		6D18827418A99D54003DCA92 /* Achievement.h */ = {isa = PBXFileReference; fileEncoding = 4; lastKnownFileType = sourcecode.c.h; path = Achievement.h; sourceTree = "<group>"; };
		6D18827518A99D54003DCA92 /* Achievement.m */ = {isa = PBXFileReference; fileEncoding = 4; lastKnownFileType = sourcecode.c.objc; path = Achievement.m; sourceTree = "<group>"; };
		6D1BE7D618A9C2750079102A /* AchievementsViewController.h */ = {isa = PBXFileReference; fileEncoding = 4; lastKnownFileType = sourcecode.c.h; path = AchievementsViewController.h; sourceTree = "<group>"; };
		6D1BE7D718A9C2750079102A /* AchievementsViewController.m */ = {isa = PBXFileReference; fileEncoding = 4; lastKnownFileType = sourcecode.c.objc; path = AchievementsViewController.m; sourceTree = "<group>"; };
		6D1BE7D918A9C2FB0079102A /* AchievementCell.h */ = {isa = PBXFileReference; fileEncoding = 4; lastKnownFileType = sourcecode.c.h; path = AchievementCell.h; sourceTree = "<group>"; };
		6D1BE7DA18A9C2FB0079102A /* AchievementCell.m */ = {isa = PBXFileReference; fileEncoding = 4; lastKnownFileType = sourcecode.c.objc; path = AchievementCell.m; sourceTree = "<group>"; };
		6D383D3618B26D83007F2116 /* TradeWallCell.h */ = {isa = PBXFileReference; fileEncoding = 4; lastKnownFileType = sourcecode.c.h; path = TradeWallCell.h; sourceTree = "<group>"; };
		6D383D3718B26D83007F2116 /* TradeWallCell.m */ = {isa = PBXFileReference; fileEncoding = 4; lastKnownFileType = sourcecode.c.objc; path = TradeWallCell.m; sourceTree = "<group>"; };
		6D383D3918B27587007F2116 /* MakeTradeViewController.h */ = {isa = PBXFileReference; fileEncoding = 4; lastKnownFileType = sourcecode.c.h; path = MakeTradeViewController.h; sourceTree = "<group>"; };
		6D383D3A18B27587007F2116 /* MakeTradeViewController.m */ = {isa = PBXFileReference; fileEncoding = 4; lastKnownFileType = sourcecode.c.objc; path = MakeTradeViewController.m; sourceTree = "<group>"; };
		6D383D3C18B27C2D007F2116 /* MakeTradeCell.h */ = {isa = PBXFileReference; fileEncoding = 4; lastKnownFileType = sourcecode.c.h; path = MakeTradeCell.h; sourceTree = "<group>"; };
		6D383D3D18B27C2D007F2116 /* MakeTradeCell.m */ = {isa = PBXFileReference; fileEncoding = 4; lastKnownFileType = sourcecode.c.objc; path = MakeTradeCell.m; sourceTree = "<group>"; };
		6D5C8C3518B13F5E00E63D1A /* ChooseStickerViewController.h */ = {isa = PBXFileReference; fileEncoding = 4; lastKnownFileType = sourcecode.c.h; path = ChooseStickerViewController.h; sourceTree = "<group>"; };
		6D5C8C3618B13F5E00E63D1A /* ChooseStickerViewController.m */ = {isa = PBXFileReference; fileEncoding = 4; lastKnownFileType = sourcecode.c.objc; path = ChooseStickerViewController.m; sourceTree = "<group>"; };
		6D5C8C3818B1417900E63D1A /* ChooseStickerCell.h */ = {isa = PBXFileReference; fileEncoding = 4; lastKnownFileType = sourcecode.c.h; path = ChooseStickerCell.h; sourceTree = "<group>"; };
		6D5C8C3918B1417900E63D1A /* ChooseStickerCell.m */ = {isa = PBXFileReference; fileEncoding = 4; lastKnownFileType = sourcecode.c.objc; path = ChooseStickerCell.m; sourceTree = "<group>"; };
		6D891EA018A582EC0002B915 /* Mathletes.app */ = {isa = PBXFileReference; explicitFileType = wrapper.application; includeInIndex = 0; path = Mathletes.app; sourceTree = BUILT_PRODUCTS_DIR; };
		6D891EA318A582EC0002B915 /* Foundation.framework */ = {isa = PBXFileReference; lastKnownFileType = wrapper.framework; name = Foundation.framework; path = System/Library/Frameworks/Foundation.framework; sourceTree = SDKROOT; };
		6D891EA518A582EC0002B915 /* CoreGraphics.framework */ = {isa = PBXFileReference; lastKnownFileType = wrapper.framework; name = CoreGraphics.framework; path = System/Library/Frameworks/CoreGraphics.framework; sourceTree = SDKROOT; };
		6D891EA718A582EC0002B915 /* UIKit.framework */ = {isa = PBXFileReference; lastKnownFileType = wrapper.framework; name = UIKit.framework; path = System/Library/Frameworks/UIKit.framework; sourceTree = SDKROOT; };
		6D891EAB18A582EC0002B915 /* Mathletes-Info.plist */ = {isa = PBXFileReference; lastKnownFileType = text.plist.xml; path = "Mathletes-Info.plist"; sourceTree = "<group>"; };
		6D891EAD18A582EC0002B915 /* en */ = {isa = PBXFileReference; lastKnownFileType = text.plist.strings; name = en; path = en.lproj/InfoPlist.strings; sourceTree = "<group>"; };
		6D891EAF18A582EC0002B915 /* main.m */ = {isa = PBXFileReference; lastKnownFileType = sourcecode.c.objc; path = main.m; sourceTree = "<group>"; };
		6D891EB118A582EC0002B915 /* Mathletes-Prefix.pch */ = {isa = PBXFileReference; lastKnownFileType = sourcecode.c.h; path = "Mathletes-Prefix.pch"; sourceTree = "<group>"; };
		6D891EB218A582EC0002B915 /* AppDelegate.h */ = {isa = PBXFileReference; lastKnownFileType = sourcecode.c.h; path = AppDelegate.h; sourceTree = "<group>"; };
		6D891EB318A582EC0002B915 /* AppDelegate.m */ = {isa = PBXFileReference; lastKnownFileType = sourcecode.c.objc; path = AppDelegate.m; sourceTree = "<group>"; };
		6D891EB818A582EC0002B915 /* MathViewController.h */ = {isa = PBXFileReference; lastKnownFileType = sourcecode.c.h; path = MathViewController.h; sourceTree = "<group>"; };
		6D891EB918A582EC0002B915 /* MathViewController.m */ = {isa = PBXFileReference; lastKnownFileType = sourcecode.c.objc; path = MathViewController.m; sourceTree = "<group>"; };
		6D891EBB18A582EC0002B915 /* Images.xcassets */ = {isa = PBXFileReference; lastKnownFileType = folder.assetcatalog; path = Images.xcassets; sourceTree = "<group>"; };
		6D891EC118A582EC0002B915 /* MathletesTests.xctest */ = {isa = PBXFileReference; explicitFileType = wrapper.cfbundle; includeInIndex = 0; path = MathletesTests.xctest; sourceTree = BUILT_PRODUCTS_DIR; };
		6D891EC218A582EC0002B915 /* XCTest.framework */ = {isa = PBXFileReference; lastKnownFileType = wrapper.framework; name = XCTest.framework; path = Library/Frameworks/XCTest.framework; sourceTree = DEVELOPER_DIR; };
		6D891ECA18A582EC0002B915 /* MathletesTests-Info.plist */ = {isa = PBXFileReference; lastKnownFileType = text.plist.xml; path = "MathletesTests-Info.plist"; sourceTree = "<group>"; };
		6D891ECC18A582EC0002B915 /* en */ = {isa = PBXFileReference; lastKnownFileType = text.plist.strings; name = en; path = en.lproj/InfoPlist.strings; sourceTree = "<group>"; };
		6D891ECE18A582EC0002B915 /* MathletesTests.m */ = {isa = PBXFileReference; lastKnownFileType = sourcecode.c.objc; path = MathletesTests.m; sourceTree = "<group>"; };
		6D891ED818A5B3CB0002B915 /* ProfileViewController.h */ = {isa = PBXFileReference; fileEncoding = 4; lastKnownFileType = sourcecode.c.h; path = ProfileViewController.h; sourceTree = "<group>"; };
		6D891ED918A5B3CB0002B915 /* ProfileViewController.m */ = {isa = PBXFileReference; fileEncoding = 4; lastKnownFileType = sourcecode.c.objc; path = ProfileViewController.m; sourceTree = "<group>"; };
		6D891EDD18A5BF6B0002B915 /* ChooseOperationsViewController.h */ = {isa = PBXFileReference; fileEncoding = 4; lastKnownFileType = sourcecode.c.h; path = ChooseOperationsViewController.h; sourceTree = "<group>"; };
		6D891EDE18A5BF6B0002B915 /* ChooseOperationsViewController.m */ = {isa = PBXFileReference; fileEncoding = 4; lastKnownFileType = sourcecode.c.objc; path = ChooseOperationsViewController.m; sourceTree = "<group>"; };
		6D99FF7118B16D5400CE0EFF /* TradeWallViewController.h */ = {isa = PBXFileReference; fileEncoding = 4; lastKnownFileType = sourcecode.c.h; path = TradeWallViewController.h; sourceTree = "<group>"; };
		6D99FF7218B16D5400CE0EFF /* TradeWallViewController.m */ = {isa = PBXFileReference; fileEncoding = 4; lastKnownFileType = sourcecode.c.objc; path = TradeWallViewController.m; sourceTree = "<group>"; };
		6DA5778018B42F15004B10F7 /* campfire@2x.png */ = {isa = PBXFileReference; lastKnownFileType = image.png; path = "campfire@2x.png"; sourceTree = "<group>"; };
		6DA5778218B42F21004B10F7 /* puppy@2x.png */ = {isa = PBXFileReference; lastKnownFileType = image.png; path = "puppy@2x.png"; sourceTree = "<group>"; };
		6DA5778E18B43425004B10F7 /* libz.dylib */ = {isa = PBXFileReference; lastKnownFileType = "compiled.mach-o.dylib"; name = libz.dylib; path = usr/lib/libz.dylib; sourceTree = SDKROOT; };
		6DB5ACC818B2E5D00098A72D /* kitten@2x.png */ = {isa = PBXFileReference; lastKnownFileType = image.png; path = "kitten@2x.png"; sourceTree = "<group>"; };
		6DB5ACC918B2E5D00098A72D /* tiger@2x.png */ = {isa = PBXFileReference; lastKnownFileType = image.png; path = "tiger@2x.png"; sourceTree = "<group>"; };
		6DB5ACCB18B2E5D00098A72D /* murray@2x.png */ = {isa = PBXFileReference; lastKnownFileType = image.png; path = "murray@2x.png"; sourceTree = "<group>"; };
		6DB5ACCC18B2E5D00098A72D /* lion@2x.png */ = {isa = PBXFileReference; lastKnownFileType = image.png; path = "lion@2x.png"; sourceTree = "<group>"; };
		6DB5ACCD18B2E5D00098A72D /* bear@2x.png */ = {isa = PBXFileReference; lastKnownFileType = image.png; path = "bear@2x.png"; sourceTree = "<group>"; };
		6DB5ACCE18B2E5D00098A72D /* pizza@2x.png */ = {isa = PBXFileReference; lastKnownFileType = image.png; path = "pizza@2x.png"; sourceTree = "<group>"; };
		C950F2E418AA906A00AC33C6 /* MathProblem.h */ = {isa = PBXFileReference; fileEncoding = 4; lastKnownFileType = sourcecode.c.h; path = MathProblem.h; sourceTree = "<group>"; };
		C950F2E518AA906A00AC33C6 /* MathProblem.m */ = {isa = PBXFileReference; fileEncoding = 4; lastKnownFileType = sourcecode.c.objc; path = MathProblem.m; sourceTree = "<group>"; };
		C987E0DD18A9AC70007CEC36 /* GridViewController.h */ = {isa = PBXFileReference; fileEncoding = 4; lastKnownFileType = sourcecode.c.h; path = GridViewController.h; sourceTree = "<group>"; };
		C987E0DE18A9AC70007CEC36 /* GridViewController.m */ = {isa = PBXFileReference; fileEncoding = 4; lastKnownFileType = sourcecode.c.objc; path = GridViewController.m; sourceTree = "<group>"; };
/* End PBXFileReference section */

/* Begin PBXFrameworksBuildPhase section */
		6D891E9D18A582EC0002B915 /* Frameworks */ = {
			isa = PBXFrameworksBuildPhase;
			buildActionMask = 2147483647;
			files = (
				6DA5778F18B43425004B10F7 /* libz.dylib in Frameworks */,
				6D891EA618A582EC0002B915 /* CoreGraphics.framework in Frameworks */,
				6D891EA818A582EC0002B915 /* UIKit.framework in Frameworks */,
				6D891EA418A582EC0002B915 /* Foundation.framework in Frameworks */,
				6D6EEFFEF0B94C0883934CFA /* libPods.a in Frameworks */,
			);
			runOnlyForDeploymentPostprocessing = 0;
		};
		6D891EBE18A582EC0002B915 /* Frameworks */ = {
			isa = PBXFrameworksBuildPhase;
			buildActionMask = 2147483647;
			files = (
				6D891EC318A582EC0002B915 /* XCTest.framework in Frameworks */,
				6D891EC518A582EC0002B915 /* UIKit.framework in Frameworks */,
				6D891EC418A582EC0002B915 /* Foundation.framework in Frameworks */,
			);
			runOnlyForDeploymentPostprocessing = 0;
		};
/* End PBXFrameworksBuildPhase section */

/* Begin PBXGroup section */
		6D1BE7D518A9BBCE0079102A /* Images */ = {
			isa = PBXGroup;
			children = (
				27A4450718BCE177000C1335 /* mobilmath-splash320-480.png */,
				27A4450818BCE177000C1335 /* mobilmath-splash640-960.png */,
				27A4450918BCE177000C1335 /* mobilmath-splash640-1136.png */,
				27A4453918BD2685000C1335 /* btn_additionitem_pressed@2x.png */,
				27A4453A18BD2685000C1335 /* btn_additionitem_pressed.png */,
				27A4453B18BD2685000C1335 /* btn_additionitem_normal@2x.png */,
				27A4453C18BD2685000C1335 /* btn_additionitem_normal.png */,
				27FD30B118B6DC6100EE75A8 /* btn_division_item_pressed@2x.png */,
				27A444FF18BCD673000C1335 /* ic_tabbardivision_normal.png */,
				27A4450018BCD673000C1335 /* ic_tabbarmultiply_normal.png */,
				27A4450118BCD673000C1335 /* ic_tabbarsubtract_normal.png */,
				27A4450218BCD673000C1335 /* ic_tabbaraddition_normal.png */,
				27A4453118BD25FA000C1335 /* math_imagemultiply@2x.png */,
				27A4453218BD25FA000C1335 /* math_imagemultiply.png */,
				27A4453318BD25FA000C1335 /* math_imagedivision@2x.png */,
				27A4453418BD25FA000C1335 /* math_imagedivision.png */,
				27A444FD18BCD432000C1335 /* appicon.png */,
				27A444F918BCD33C000C1335 /* app_icon120-120.png */,
				27FD30B218B6DC6100EE75A8 /* btn_division_item_pressed.png */,
				27A444FB18BCD3F2000C1335 /* app_icon80-80.png */,
				27FD30B318B6DC6100EE75A8 /* btn_division_item_normal@2x.png */,
				27FD30B418B6DC6100EE75A8 /* btn_division_item_normal.png */,
				27FD30B518B6DC6100EE75A8 /* btn_multiplcation_item_pressed@2x.png */,
				27FD30B618B6DC6100EE75A8 /* btn_multiplcation_item_normal@2x.png */,
				27FD30B718B6DC6100EE75A8 /* btn_multiplcation_item_pressed.png */,
				27FD30B818B6DC6100EE75A8 /* btn_multiplcation_item_normal.png */,
				27FD30B918B6DC6100EE75A8 /* btn_subtraction_item_pressed@2x.png */,
				27FD30BA18B6DC6100EE75A8 /* btn_subtraction_item_pressed.png */,
				27FD30BB18B6DC6100EE75A8 /* btn_subtraction_item_normal@2x.png */,
				27FD30BC18B6DC6100EE75A8 /* btn_subtraction_item_normal.png */,
				27FD30BD18B6DC6100EE75A8 /* btn_addition_item_pressed@2x.png */,
				27FD30BE18B6DC6100EE75A8 /* btn_addition_item_normal@2x.png */,
				27FD30BF18B6DC6100EE75A8 /* btn_addition_item_pressed.png */,
				27FD30C018B6DC6100EE75A8 /* btn_addition_item_normal.png */,
				27FD305F18B6CD6B00EE75A8 /* math_login_screen_brand@2x.png */,
				27FD306018B6CD6B00EE75A8 /* math_login_screen_brand.png */,
				27FD306418B6CD6B00EE75A8 /* ic_division_pressed@2x.png */,
				27FD306518B6CD6B00EE75A8 /* ic_division_pressed.png */,
				27FD306618B6CD6B00EE75A8 /* ic_subtract_pressed@2x.png */,
				27FD306718B6CD6B00EE75A8 /* ic_subtract_pressed.png */,
				27FD306818B6CD6B00EE75A8 /* ic_multiply_pressed@2x.png */,
				27FD306918B6CD6B00EE75A8 /* ic_multiply_pressed.png */,
				27FD306A18B6CD6B00EE75A8 /* ic_addition_pressed@2x.png */,
				27FD306B18B6CD6B00EE75A8 /* ic_addition_pressed.png */,
				27FD306C18B6CD6B00EE75A8 /* ic_correct@2x.png */,
				27FD306D18B6CD6B00EE75A8 /* ic_correct.png */,
				27FD306E18B6CD6B00EE75A8 /* ic_wrong_face@2x.png */,
				27FD306F18B6CD6B00EE75A8 /* ic_wrong_face.png */,
				27FD307018B6CD6B00EE75A8 /* ic_addition_normal@2x.png */,
				27FD307118B6CD6B00EE75A8 /* ic_multiply_normal@2x.png */,
				27FD307218B6CD6B00EE75A8 /* ic_subtract_normal@2x.png */,
				27A4452D18BD2256000C1335 /* ic_correctface@2x.png */,
				27A4452E18BD2256000C1335 /* ic_correctface.png */,
				27FD307318B6CD6B00EE75A8 /* ic_division_normal@2x.png */,
				27FD307418B6CD6B00EE75A8 /* ic_division_normal.png */,
				27FD307518B6CD6B00EE75A8 /* ic_subtract_normal.png */,
				27A4451118BD20B4000C1335 /* btn_achvmntitem_pressed.png */,
				27A4451218BD20B4000C1335 /* btn_achvmntitem_normal.png */,
				27A4451318BD20B4000C1335 /* btn_stickersitem_normal@2x.png */,
				27A4451418BD20B4000C1335 /* btn_stickersitem_pressed@2x.png */,
				27A4451518BD20B4000C1335 /* btn_stickersitem_pressed.png */,
				27A4451618BD20B4000C1335 /* btn_stickersitem_normal.png */,
				27A4451718BD20B4000C1335 /* btn_progressitem_normal@2x.png */,
				27A4451818BD20B4000C1335 /* btn_progressitem_pressed@2x.png */,
				27A4451918BD20B4000C1335 /* btn_progressitem_pressed.png */,
				27A4451A18BD20B4000C1335 /* btn_progressitem_normal.png */,
				27A4451B18BD20B4000C1335 /* btn_mathitem_pressed@2x.png */,
				27A4451C18BD20B4000C1335 /* btn_mathitem_normal@2x.png */,
				27A4451D18BD20B4000C1335 /* btn_mathitem_pressed.png */,
				27A4451E18BD20B4000C1335 /* btn_mathitem_normal.png */,
				27A4450D18BD1EE2000C1335 /* btn_achvmntitem_normal@2x.png */,
				27A4450E18BD1EE2000C1335 /* btn_achvmntitem_pressed@2x.png */,
				27FD307618B6CD6B00EE75A8 /* ic_multiply_normal.png */,
				27FD307718B6CD6B00EE75A8 /* ic_addition_normal.png */,
				27FD30DA18BA9E9900EE75A8 /* math_placeholder@2x.png */,
				27FD30DC18BA9EA900EE75A8 /* math_subtraction@2x.png */,
				27FD305718B6CB9200EE75A8 /* btn_keypad_bg_pressed@2x.png */,
				27FD30D818BA9DE500EE75A8 /* math_addition@2x.png */,
				27FD305818B6CB9200EE75A8 /* btn_keypad_bg_pressed.png */,
				27FD305918B6CB9200EE75A8 /* btn_keypad_bg_normal@2x.png */,
				27FD305A18B6CB9200EE75A8 /* btn_keypad_bg_normal.png */,
				6DA5778018B42F15004B10F7 /* campfire@2x.png */,
				6DA5778218B42F21004B10F7 /* puppy@2x.png */,
				6DB5ACC818B2E5D00098A72D /* kitten@2x.png */,
				6DB5ACC918B2E5D00098A72D /* tiger@2x.png */,
				6DB5ACCB18B2E5D00098A72D /* murray@2x.png */,
				6DB5ACCC18B2E5D00098A72D /* lion@2x.png */,
				6DB5ACCD18B2E5D00098A72D /* bear@2x.png */,
				6DB5ACCE18B2E5D00098A72D /* pizza@2x.png */,
				27B54DD818AD44270068E68A /* boy@2x.png */,
				6D010FB018B3075D0095B0E7 /* star@2x.png */,
			);
			name = Images;
			sourceTree = "<group>";
		};
		6D891E9718A582EC0002B915 = {
			isa = PBXGroup;
			children = (
				6D891EA918A582EC0002B915 /* Mathletes */,
				6D891EC818A582EC0002B915 /* MathletesTests */,
				6D891EA218A582EC0002B915 /* Frameworks */,
				6D891EA118A582EC0002B915 /* Products */,
				0FBAD299D6F34B0D8960E650 /* Pods.xcconfig */,
			);
			sourceTree = "<group>";
		};
		6D891EA118A582EC0002B915 /* Products */ = {
			isa = PBXGroup;
			children = (
				6D891EA018A582EC0002B915 /* Mathletes.app */,
				6D891EC118A582EC0002B915 /* MathletesTests.xctest */,
			);
			name = Products;
			sourceTree = "<group>";
		};
		6D891EA218A582EC0002B915 /* Frameworks */ = {
			isa = PBXGroup;
			children = (
				6D0F673218BBC9460098011A /* QuartzCore.framework */,
				6DA5778E18B43425004B10F7 /* libz.dylib */,
				6D891EA318A582EC0002B915 /* Foundation.framework */,
				6D891EA518A582EC0002B915 /* CoreGraphics.framework */,
				6D891EA718A582EC0002B915 /* UIKit.framework */,
				6D891EC218A582EC0002B915 /* XCTest.framework */,
				11D82320CD96410092541D1A /* libPods.a */,
			);
			name = Frameworks;
			sourceTree = "<group>";
		};
		6D891EA918A582EC0002B915 /* Mathletes */ = {
			isa = PBXGroup;
			children = (
				27FD305418B6C86700EE75A8 /* Main.storyboard */,
				6D891EB218A582EC0002B915 /* AppDelegate.h */,
				6D891EB318A582EC0002B915 /* AppDelegate.m */,
				6D891ED818A5B3CB0002B915 /* ProfileViewController.h */,
				6D891ED918A5B3CB0002B915 /* ProfileViewController.m */,
				27A444F618BB8E0F000C1335 /* MyLoginViewController.h */,
				27A444F718BB8E0F000C1335 /* MyLoginViewController.m */,
				6D5C8C3518B13F5E00E63D1A /* ChooseStickerViewController.h */,
				6D5C8C3618B13F5E00E63D1A /* ChooseStickerViewController.m */,
				6D5C8C3818B1417900E63D1A /* ChooseStickerCell.h */,
				6D5C8C3918B1417900E63D1A /* ChooseStickerCell.m */,
				6D891EB818A582EC0002B915 /* MathViewController.h */,
				6D891EB918A582EC0002B915 /* MathViewController.m */,
				6D891EDD18A5BF6B0002B915 /* ChooseOperationsViewController.h */,
				6D891EDE18A5BF6B0002B915 /* ChooseOperationsViewController.m */,
				C987E0DD18A9AC70007CEC36 /* GridViewController.h */,
				C987E0DE18A9AC70007CEC36 /* GridViewController.m */,
				C950F2E418AA906A00AC33C6 /* MathProblem.h */,
				C950F2E518AA906A00AC33C6 /* MathProblem.m */,
				6D18826018A943DF003DCA92 /* StickersViewController.h */,
				6D18826118A943DF003DCA92 /* StickersViewController.m */,
				6D18826318A94458003DCA92 /* StickerCell.h */,
				6D18826418A94458003DCA92 /* StickerCell.m */,
				6D99FF7118B16D5400CE0EFF /* TradeWallViewController.h */,
				6D99FF7218B16D5400CE0EFF /* TradeWallViewController.m */,
				6D383D3618B26D83007F2116 /* TradeWallCell.h */,
				6D383D3718B26D83007F2116 /* TradeWallCell.m */,
				6D383D3918B27587007F2116 /* MakeTradeViewController.h */,
				6D383D3A18B27587007F2116 /* MakeTradeViewController.m */,
				6D383D3C18B27C2D007F2116 /* MakeTradeCell.h */,
				6D383D3D18B27C2D007F2116 /* MakeTradeCell.m */,
				6D1BE7D618A9C2750079102A /* AchievementsViewController.h */,
				6D1BE7D718A9C2750079102A /* AchievementsViewController.m */,
				6D1BE7D918A9C2FB0079102A /* AchievementCell.h */,
				6D1BE7DA18A9C2FB0079102A /* AchievementCell.m */,
				6D17BD5118AC1CFE009A7416 /* AchievementHeader.h */,
				6D17BD5218AC1CFE009A7416 /* AchievementHeader.m */,
				6D18827418A99D54003DCA92 /* Achievement.h */,
				6D18827518A99D54003DCA92 /* Achievement.m */,
				6D891EBB18A582EC0002B915 /* Images.xcassets */,
				6D1BE7D518A9BBCE0079102A /* Images */,
				6D891EAA18A582EC0002B915 /* Supporting Files */,
			);
			path = Mathletes;
			sourceTree = "<group>";
		};
		6D891EAA18A582EC0002B915 /* Supporting Files */ = {
			isa = PBXGroup;
			children = (
				27FD304A18B6867A00EE75A8 /* miso-regular.ttf */,
				27FD304718B6866700EE75A8 /* miso-light.ttf */,
				27FD304618B6864900EE75A8 /* miso-bold.ttf */,
				6D891EAB18A582EC0002B915 /* Mathletes-Info.plist */,
				6D891EAC18A582EC0002B915 /* InfoPlist.strings */,
				6D891EAF18A582EC0002B915 /* main.m */,
				6D891EB118A582EC0002B915 /* Mathletes-Prefix.pch */,
			);
			name = "Supporting Files";
			sourceTree = "<group>";
		};
		6D891EC818A582EC0002B915 /* MathletesTests */ = {
			isa = PBXGroup;
			children = (
				6D891ECE18A582EC0002B915 /* MathletesTests.m */,
				6D891EC918A582EC0002B915 /* Supporting Files */,
			);
			path = MathletesTests;
			sourceTree = "<group>";
		};
		6D891EC918A582EC0002B915 /* Supporting Files */ = {
			isa = PBXGroup;
			children = (
				6D891ECA18A582EC0002B915 /* MathletesTests-Info.plist */,
				6D891ECB18A582EC0002B915 /* InfoPlist.strings */,
			);
			name = "Supporting Files";
			sourceTree = "<group>";
		};
/* End PBXGroup section */

/* Begin PBXNativeTarget section */
		6D891E9F18A582EC0002B915 /* Mathletes */ = {
			isa = PBXNativeTarget;
			buildConfigurationList = 6D891ED218A582EC0002B915 /* Build configuration list for PBXNativeTarget "Mathletes" */;
			buildPhases = (
				1595FEC60BC346138DC7B6EA /* Check Pods Manifest.lock */,
				6D891E9C18A582EC0002B915 /* Sources */,
				6D891E9D18A582EC0002B915 /* Frameworks */,
				6D891E9E18A582EC0002B915 /* Resources */,
				75F250F0AF484BD9930E6C54 /* Copy Pods Resources */,
			);
			buildRules = (
			);
			dependencies = (
			);
			name = Mathletes;
			productName = Mathletes;
			productReference = 6D891EA018A582EC0002B915 /* Mathletes.app */;
			productType = "com.apple.product-type.application";
		};
		6D891EC018A582EC0002B915 /* MathletesTests */ = {
			isa = PBXNativeTarget;
			buildConfigurationList = 6D891ED518A582EC0002B915 /* Build configuration list for PBXNativeTarget "MathletesTests" */;
			buildPhases = (
				6D891EBD18A582EC0002B915 /* Sources */,
				6D891EBE18A582EC0002B915 /* Frameworks */,
				6D891EBF18A582EC0002B915 /* Resources */,
			);
			buildRules = (
			);
			dependencies = (
				6D891EC718A582EC0002B915 /* PBXTargetDependency */,
			);
			name = MathletesTests;
			productName = MathletesTests;
			productReference = 6D891EC118A582EC0002B915 /* MathletesTests.xctest */;
			productType = "com.apple.product-type.bundle.unit-test";
		};
/* End PBXNativeTarget section */

/* Begin PBXProject section */
		6D891E9818A582EC0002B915 /* Project object */ = {
			isa = PBXProject;
			attributes = {
				LastUpgradeCheck = 0500;
				ORGANIZATIONNAME = "Sonam Mehta";
				TargetAttributes = {
					6D891E9F18A582EC0002B915 = {
						DevelopmentTeam = K67R3SLFMD;
					};
					6D891EC018A582EC0002B915 = {
						TestTargetID = 6D891E9F18A582EC0002B915;
					};
				};
			};
			buildConfigurationList = 6D891E9B18A582EC0002B915 /* Build configuration list for PBXProject "Mathletes" */;
			compatibilityVersion = "Xcode 3.2";
			developmentRegion = English;
			hasScannedForEncodings = 0;
			knownRegions = (
				en,
				Base,
			);
			mainGroup = 6D891E9718A582EC0002B915;
			productRefGroup = 6D891EA118A582EC0002B915 /* Products */;
			projectDirPath = "";
			projectRoot = "";
			targets = (
				6D891E9F18A582EC0002B915 /* Mathletes */,
				6D891EC018A582EC0002B915 /* MathletesTests */,
			);
		};
/* End PBXProject section */

/* Begin PBXResourcesBuildPhase section */
		6D891E9E18A582EC0002B915 /* Resources */ = {
			isa = PBXResourcesBuildPhase;
			buildActionMask = 2147483647;
			files = (
				27FD30C218B6DC6100EE75A8 /* btn_division_item_pressed.png in Resources */,
				27A4453F18BD2685000C1335 /* btn_additionitem_normal@2x.png in Resources */,
				27B54DD918AD44270068E68A /* boy@2x.png in Resources */,
				27FD308B18B6CD6B00EE75A8 /* ic_subtract_normal@2x.png in Resources */,
				27FD30C518B6DC6100EE75A8 /* btn_multiplcation_item_pressed@2x.png in Resources */,
				27FD30C718B6DC6100EE75A8 /* btn_multiplcation_item_pressed.png in Resources */,
				27A4452218BD20B4000C1335 /* btn_stickersitem_pressed@2x.png in Resources */,
				27FD308E18B6CD6B00EE75A8 /* ic_subtract_normal.png in Resources */,
				27A4453D18BD2685000C1335 /* btn_additionitem_pressed@2x.png in Resources */,
				27A4452618BD20B4000C1335 /* btn_progressitem_pressed@2x.png in Resources */,
				6DA5778118B42F15004B10F7 /* campfire@2x.png in Resources */,
				27A4452A18BD20B4000C1335 /* btn_mathitem_normal@2x.png in Resources */,
				27FD307818B6CD6B00EE75A8 /* math_login_screen_brand@2x.png in Resources */,
				27FD308818B6CD6B00EE75A8 /* ic_wrong_face.png in Resources */,
				27A4450B18BCE177000C1335 /* mobilmath-splash640-960.png in Resources */,
				27FD308D18B6CD6B00EE75A8 /* ic_division_normal.png in Resources */,
				27A444FA18BCD33C000C1335 /* app_icon120-120.png in Resources */,
				27A4451F18BD20B4000C1335 /* btn_achvmntitem_pressed.png in Resources */,
				27A4453818BD25FA000C1335 /* math_imagedivision.png in Resources */,
				27A4452B18BD20B4000C1335 /* btn_mathitem_pressed.png in Resources */,
				27FD308318B6CD6B00EE75A8 /* ic_addition_pressed@2x.png in Resources */,
				27FD30CC18B6DC6100EE75A8 /* btn_subtraction_item_normal.png in Resources */,
				27FD30C618B6DC6100EE75A8 /* btn_multiplcation_item_normal@2x.png in Resources */,
				27FD308F18B6CD6B00EE75A8 /* ic_multiply_normal.png in Resources */,
				27FD30C318B6DC6100EE75A8 /* btn_division_item_normal@2x.png in Resources */,
				27FD308218B6CD6B00EE75A8 /* ic_multiply_pressed.png in Resources */,
				27A4453718BD25FA000C1335 /* math_imagedivision@2x.png in Resources */,
				27FD308A18B6CD6B00EE75A8 /* ic_multiply_normal@2x.png in Resources */,
				27A4450518BCD673000C1335 /* ic_tabbarsubtract_normal.png in Resources */,
				6DB5ACD318B2E5D00098A72D /* lion@2x.png in Resources */,
				27A4450F18BD1EE2000C1335 /* btn_achvmntitem_normal@2x.png in Resources */,
				27FD304B18B6867A00EE75A8 /* miso-regular.ttf in Resources */,
				27A4452018BD20B4000C1335 /* btn_achvmntitem_normal.png in Resources */,
				27A4452518BD20B4000C1335 /* btn_progressitem_normal@2x.png in Resources */,
				6D891EBC18A582EC0002B915 /* Images.xcassets in Resources */,
				6DB5ACCF18B2E5D00098A72D /* kitten@2x.png in Resources */,
				27A4452318BD20B4000C1335 /* btn_stickersitem_pressed.png in Resources */,
				27FD30CE18B6DC6100EE75A8 /* btn_addition_item_normal@2x.png in Resources */,
				27FD30CA18B6DC6100EE75A8 /* btn_subtraction_item_pressed.png in Resources */,
				27A444FC18BCD3F2000C1335 /* app_icon80-80.png in Resources */,
				27FD305C18B6CB9200EE75A8 /* btn_keypad_bg_pressed.png in Resources */,
				6D010FB118B3075D0095B0E7 /* star@2x.png in Resources */,
				27FD304918B6867200EE75A8 /* miso-bold.ttf in Resources */,
				27A4452918BD20B4000C1335 /* btn_mathitem_pressed@2x.png in Resources */,
				27A4453E18BD2685000C1335 /* btn_additionitem_pressed.png in Resources */,
				27A4450318BCD673000C1335 /* ic_tabbardivision_normal.png in Resources */,
				27FD30CF18B6DC6100EE75A8 /* btn_addition_item_pressed.png in Resources */,
				27FD30D918BA9DE500EE75A8 /* math_addition@2x.png in Resources */,
				27FD305618B6C86700EE75A8 /* Main.storyboard in Resources */,
				27A4454018BD2685000C1335 /* btn_additionitem_normal.png in Resources */,
				6DB5ACD018B2E5D00098A72D /* tiger@2x.png in Resources */,
				27A4452418BD20B4000C1335 /* btn_stickersitem_normal.png in Resources */,
				27A4452F18BD2256000C1335 /* ic_correctface@2x.png in Resources */,
				27FD308C18B6CD6B00EE75A8 /* ic_division_normal@2x.png in Resources */,
				27FD30D018B6DC6100EE75A8 /* btn_addition_item_normal.png in Resources */,
				27FD30C918B6DC6100EE75A8 /* btn_subtraction_item_pressed@2x.png in Resources */,
				27FD30DB18BA9E9900EE75A8 /* math_placeholder@2x.png in Resources */,
				27A4450618BCD673000C1335 /* ic_tabbaraddition_normal.png in Resources */,
				27A4451018BD1EE2000C1335 /* btn_achvmntitem_pressed@2x.png in Resources */,
				27FD308618B6CD6B00EE75A8 /* ic_correct.png in Resources */,
				27A4453518BD25FA000C1335 /* math_imagemultiply@2x.png in Resources */,
				27FD30C818B6DC6100EE75A8 /* btn_multiplcation_item_normal.png in Resources */,
				27A4453618BD25FA000C1335 /* math_imagemultiply.png in Resources */,
				27FD308718B6CD6B00EE75A8 /* ic_wrong_face@2x.png in Resources */,
				6DB5ACD518B2E5D00098A72D /* pizza@2x.png in Resources */,
				27A444FE18BCD432000C1335 /* appicon.png in Resources */,
				27A4452118BD20B4000C1335 /* btn_stickersitem_normal@2x.png in Resources */,
				27FD30C418B6DC6100EE75A8 /* btn_division_item_normal.png in Resources */,
				27FD309018B6CD6B00EE75A8 /* ic_addition_normal.png in Resources */,
				27FD30CD18B6DC6100EE75A8 /* btn_addition_item_pressed@2x.png in Resources */,
				27A4450C18BCE177000C1335 /* mobilmath-splash640-1136.png in Resources */,
				27FD305E18B6CB9200EE75A8 /* btn_keypad_bg_normal.png in Resources */,
				27FD305D18B6CB9200EE75A8 /* btn_keypad_bg_normal@2x.png in Resources */,
				27A4452C18BD20B4000C1335 /* btn_mathitem_normal.png in Resources */,
				27FD308018B6CD6B00EE75A8 /* ic_subtract_pressed.png in Resources */,
				27A4452818BD20B4000C1335 /* btn_progressitem_normal.png in Resources */,
				27FD30CB18B6DC6100EE75A8 /* btn_subtraction_item_normal@2x.png in Resources */,
				27FD307D18B6CD6B00EE75A8 /* ic_division_pressed@2x.png in Resources */,
				27FD308918B6CD6B00EE75A8 /* ic_addition_normal@2x.png in Resources */,
				27A4450A18BCE177000C1335 /* mobilmath-splash320-480.png in Resources */,
				27FD307E18B6CD6B00EE75A8 /* ic_division_pressed.png in Resources */,
				27FD308418B6CD6B00EE75A8 /* ic_addition_pressed.png in Resources */,
				6DB5ACD218B2E5D00098A72D /* murray@2x.png in Resources */,
				27FD308118B6CD6B00EE75A8 /* ic_multiply_pressed@2x.png in Resources */,
				27FD308518B6CD6B00EE75A8 /* ic_correct@2x.png in Resources */,
				27FD30C118B6DC6100EE75A8 /* btn_division_item_pressed@2x.png in Resources */,
				27FD304818B6866700EE75A8 /* miso-light.ttf in Resources */,
				27A4450418BCD673000C1335 /* ic_tabbarmultiply_normal.png in Resources */,
				6DA5778318B42F21004B10F7 /* puppy@2x.png in Resources */,
				27FD305B18B6CB9200EE75A8 /* btn_keypad_bg_pressed@2x.png in Resources */,
				27FD307918B6CD6B00EE75A8 /* math_login_screen_brand.png in Resources */,
				27A4452718BD20B4000C1335 /* btn_progressitem_pressed.png in Resources */,
				6DB5ACD418B2E5D00098A72D /* bear@2x.png in Resources */,
				6D891EAE18A582EC0002B915 /* InfoPlist.strings in Resources */,
				27FD30DD18BA9EA900EE75A8 /* math_subtraction@2x.png in Resources */,
				27FD307F18B6CD6B00EE75A8 /* ic_subtract_pressed@2x.png in Resources */,
				27A4453018BD2256000C1335 /* ic_correctface.png in Resources */,
			);
			runOnlyForDeploymentPostprocessing = 0;
		};
		6D891EBF18A582EC0002B915 /* Resources */ = {
			isa = PBXResourcesBuildPhase;
			buildActionMask = 2147483647;
			files = (
				6D891ECD18A582EC0002B915 /* InfoPlist.strings in Resources */,
			);
			runOnlyForDeploymentPostprocessing = 0;
		};
/* End PBXResourcesBuildPhase section */

/* Begin PBXShellScriptBuildPhase section */
		1595FEC60BC346138DC7B6EA /* Check Pods Manifest.lock */ = {
			isa = PBXShellScriptBuildPhase;
			buildActionMask = 2147483647;
			files = (
			);
			inputPaths = (
			);
			name = "Check Pods Manifest.lock";
			outputPaths = (
			);
			runOnlyForDeploymentPostprocessing = 0;
			shellPath = /bin/sh;
			shellScript = "diff \"${PODS_ROOT}/../Podfile.lock\" \"${PODS_ROOT}/Manifest.lock\" > /dev/null\nif [[ $? != 0 ]] ; then\n    cat << EOM\nerror: The sandbox is not in sync with the Podfile.lock. Run 'pod install' or update your CocoaPods installation.\nEOM\n    exit 1\nfi\n";
			showEnvVarsInLog = 0;
		};
		75F250F0AF484BD9930E6C54 /* Copy Pods Resources */ = {
			isa = PBXShellScriptBuildPhase;
			buildActionMask = 2147483647;
			files = (
			);
			inputPaths = (
			);
			name = "Copy Pods Resources";
			outputPaths = (
			);
			runOnlyForDeploymentPostprocessing = 0;
			shellPath = /bin/sh;
			shellScript = "\"${SRCROOT}/Pods/Pods-resources.sh\"\n";
			showEnvVarsInLog = 0;
		};
/* End PBXShellScriptBuildPhase section */

/* Begin PBXSourcesBuildPhase section */
		6D891E9C18A582EC0002B915 /* Sources */ = {
			isa = PBXSourcesBuildPhase;
			buildActionMask = 2147483647;
			files = (
				27A444F818BB8E0F000C1335 /* MyLoginViewController.m in Sources */,
				6D891EBA18A582EC0002B915 /* MathViewController.m in Sources */,
				C987E0DF18A9AC70007CEC36 /* GridViewController.m in Sources */,
				C950F2E618AA906A00AC33C6 /* MathProblem.m in Sources */,
				6D99FF7318B16D5400CE0EFF /* TradeWallViewController.m in Sources */,
				6D383D3E18B27C2D007F2116 /* MakeTradeCell.m in Sources */,
				6D1BE7D818A9C2750079102A /* AchievementsViewController.m in Sources */,
				6D18827618A99D54003DCA92 /* Achievement.m in Sources */,
				6D18826218A943DF003DCA92 /* StickersViewController.m in Sources */,
				6D17BD5318AC1CFE009A7416 /* AchievementHeader.m in Sources */,
				6D891EB418A582EC0002B915 /* AppDelegate.m in Sources */,
				6D383D3818B26D83007F2116 /* TradeWallCell.m in Sources */,
				6D383D3B18B27587007F2116 /* MakeTradeViewController.m in Sources */,
				6D891EDF18A5BF6B0002B915 /* ChooseOperationsViewController.m in Sources */,
				6D891EDA18A5B3CB0002B915 /* ProfileViewController.m in Sources */,
				6D1BE7DB18A9C2FB0079102A /* AchievementCell.m in Sources */,
				6D18826518A94458003DCA92 /* StickerCell.m in Sources */,
				6D891EB018A582EC0002B915 /* main.m in Sources */,
				6D5C8C3718B13F5E00E63D1A /* ChooseStickerViewController.m in Sources */,
				6D5C8C3A18B1417900E63D1A /* ChooseStickerCell.m in Sources */,
			);
			runOnlyForDeploymentPostprocessing = 0;
		};
		6D891EBD18A582EC0002B915 /* Sources */ = {
			isa = PBXSourcesBuildPhase;
			buildActionMask = 2147483647;
			files = (
				6D891ECF18A582EC0002B915 /* MathletesTests.m in Sources */,
			);
			runOnlyForDeploymentPostprocessing = 0;
		};
/* End PBXSourcesBuildPhase section */

/* Begin PBXTargetDependency section */
		6D891EC718A582EC0002B915 /* PBXTargetDependency */ = {
			isa = PBXTargetDependency;
			target = 6D891E9F18A582EC0002B915 /* Mathletes */;
			targetProxy = 6D891EC618A582EC0002B915 /* PBXContainerItemProxy */;
		};
/* End PBXTargetDependency section */

/* Begin PBXVariantGroup section */
		27FD305418B6C86700EE75A8 /* Main.storyboard */ = {
			isa = PBXVariantGroup;
			children = (
				27FD305518B6C86700EE75A8 /* Base */,
			);
			name = Main.storyboard;
			sourceTree = "<group>";
		};
		6D891EAC18A582EC0002B915 /* InfoPlist.strings */ = {
			isa = PBXVariantGroup;
			children = (
				6D891EAD18A582EC0002B915 /* en */,
			);
			name = InfoPlist.strings;
			sourceTree = "<group>";
		};
		6D891ECB18A582EC0002B915 /* InfoPlist.strings */ = {
			isa = PBXVariantGroup;
			children = (
				6D891ECC18A582EC0002B915 /* en */,
			);
			name = InfoPlist.strings;
			sourceTree = "<group>";
		};
/* End PBXVariantGroup section */

/* Begin XCBuildConfiguration section */
		6D891ED018A582EC0002B915 /* Debug */ = {
			isa = XCBuildConfiguration;
			buildSettings = {
				ALWAYS_SEARCH_USER_PATHS = NO;
				ARCHS = "$(ARCHS_STANDARD_INCLUDING_64_BIT)";
				CLANG_CXX_LANGUAGE_STANDARD = "gnu++0x";
				CLANG_CXX_LIBRARY = "libc++";
				CLANG_ENABLE_MODULES = YES;
				CLANG_ENABLE_OBJC_ARC = YES;
				CLANG_WARN_BOOL_CONVERSION = YES;
				CLANG_WARN_CONSTANT_CONVERSION = YES;
				CLANG_WARN_DIRECT_OBJC_ISA_USAGE = YES_ERROR;
				CLANG_WARN_EMPTY_BODY = YES;
				CLANG_WARN_ENUM_CONVERSION = YES;
				CLANG_WARN_INT_CONVERSION = YES;
				CLANG_WARN_OBJC_ROOT_CLASS = YES_ERROR;
				CLANG_WARN__DUPLICATE_METHOD_MATCH = YES;
				"CODE_SIGN_IDENTITY[sdk=iphoneos*]" = "iPhone Developer";
				COPY_PHASE_STRIP = NO;
				GCC_C_LANGUAGE_STANDARD = gnu99;
				GCC_DYNAMIC_NO_PIC = NO;
				GCC_OPTIMIZATION_LEVEL = 0;
				GCC_PREPROCESSOR_DEFINITIONS = (
					"DEBUG=1",
					"$(inherited)",
				);
				GCC_SYMBOLS_PRIVATE_EXTERN = NO;
				GCC_WARN_64_TO_32_BIT_CONVERSION = YES;
				GCC_WARN_ABOUT_RETURN_TYPE = YES_ERROR;
				GCC_WARN_UNDECLARED_SELECTOR = YES;
				GCC_WARN_UNINITIALIZED_AUTOS = YES;
				GCC_WARN_UNUSED_FUNCTION = YES;
				GCC_WARN_UNUSED_VARIABLE = YES;
				IPHONEOS_DEPLOYMENT_TARGET = 7.0;
				ONLY_ACTIVE_ARCH = YES;
				SDKROOT = iphoneos;
			};
			name = Debug;
		};
		6D891ED118A582EC0002B915 /* Release */ = {
			isa = XCBuildConfiguration;
			buildSettings = {
				ALWAYS_SEARCH_USER_PATHS = NO;
				ARCHS = "$(ARCHS_STANDARD_INCLUDING_64_BIT)";
				CLANG_CXX_LANGUAGE_STANDARD = "gnu++0x";
				CLANG_CXX_LIBRARY = "libc++";
				CLANG_ENABLE_MODULES = YES;
				CLANG_ENABLE_OBJC_ARC = YES;
				CLANG_WARN_BOOL_CONVERSION = YES;
				CLANG_WARN_CONSTANT_CONVERSION = YES;
				CLANG_WARN_DIRECT_OBJC_ISA_USAGE = YES_ERROR;
				CLANG_WARN_EMPTY_BODY = YES;
				CLANG_WARN_ENUM_CONVERSION = YES;
				CLANG_WARN_INT_CONVERSION = YES;
				CLANG_WARN_OBJC_ROOT_CLASS = YES_ERROR;
				CLANG_WARN__DUPLICATE_METHOD_MATCH = YES;
				"CODE_SIGN_IDENTITY[sdk=iphoneos*]" = "iPhone Developer";
				COPY_PHASE_STRIP = YES;
				ENABLE_NS_ASSERTIONS = NO;
				GCC_C_LANGUAGE_STANDARD = gnu99;
				GCC_WARN_64_TO_32_BIT_CONVERSION = YES;
				GCC_WARN_ABOUT_RETURN_TYPE = YES_ERROR;
				GCC_WARN_UNDECLARED_SELECTOR = YES;
				GCC_WARN_UNINITIALIZED_AUTOS = YES;
				GCC_WARN_UNUSED_FUNCTION = YES;
				GCC_WARN_UNUSED_VARIABLE = YES;
				IPHONEOS_DEPLOYMENT_TARGET = 7.0;
				SDKROOT = iphoneos;
				VALIDATE_PRODUCT = YES;
			};
			name = Release;
		};
		6D891ED318A582EC0002B915 /* Debug */ = {
			isa = XCBuildConfiguration;
			baseConfigurationReference = 0FBAD299D6F34B0D8960E650 /* Pods.xcconfig */;
			buildSettings = {
				ASSETCATALOG_COMPILER_APPICON_NAME = AppIcon;
				ASSETCATALOG_COMPILER_LAUNCHIMAGE_NAME = LaunchImage;
				CODE_SIGN_IDENTITY = "iPhone Distribution: kagan riedel (K67R3SLFMD)";
				"CODE_SIGN_IDENTITY[sdk=iphoneos*]" = "iPhone Distribution: kagan riedel (K67R3SLFMD)";
				GCC_PRECOMPILE_PREFIX_HEADER = YES;
				GCC_PREFIX_HEADER = "Mathletes/Mathletes-Prefix.pch";
				INFOPLIST_FILE = "Mathletes/Mathletes-Info.plist";
				LIBRARY_SEARCH_PATHS = (
					"$(inherited)",
					"/Users/kaganriedel/MM\\ 2014/Mathletes/Mathletes/TestFlightSDK2",
				);
				PRODUCT_NAME = "$(TARGET_NAME)";
				PROVISIONING_PROFILE = "A49FEC21-373D-44E1-B7E9-049B2287CC5E";
				WRAPPER_EXTENSION = app;
			};
			name = Debug;
		};
		6D891ED418A582EC0002B915 /* Release */ = {
			isa = XCBuildConfiguration;
			baseConfigurationReference = 0FBAD299D6F34B0D8960E650 /* Pods.xcconfig */;
			buildSettings = {
				ASSETCATALOG_COMPILER_APPICON_NAME = AppIcon;
				ASSETCATALOG_COMPILER_LAUNCHIMAGE_NAME = LaunchImage;
				CODE_SIGN_IDENTITY = "iPhone Distribution: kagan riedel (K67R3SLFMD)";
				"CODE_SIGN_IDENTITY[sdk=iphoneos*]" = "iPhone Distribution: kagan riedel (K67R3SLFMD)";
				GCC_PRECOMPILE_PREFIX_HEADER = YES;
				GCC_PREFIX_HEADER = "Mathletes/Mathletes-Prefix.pch";
				INFOPLIST_FILE = "Mathletes/Mathletes-Info.plist";
				LIBRARY_SEARCH_PATHS = (
					"$(inherited)",
					"/Users/kaganriedel/MM\\ 2014/Mathletes/Mathletes/TestFlightSDK2",
				);
				PRODUCT_NAME = "$(TARGET_NAME)";
				PROVISIONING_PROFILE = "A49FEC21-373D-44E1-B7E9-049B2287CC5E";
				WRAPPER_EXTENSION = app;
			};
			name = Release;
		};
		6D891ED618A582EC0002B915 /* Debug */ = {
			isa = XCBuildConfiguration;
			buildSettings = {
				ARCHS = "$(ARCHS_STANDARD_INCLUDING_64_BIT)";
				BUNDLE_LOADER = "$(BUILT_PRODUCTS_DIR)/Mathletes.app/Mathletes";
				FRAMEWORK_SEARCH_PATHS = (
					"$(SDKROOT)/Developer/Library/Frameworks",
					"$(inherited)",
					"$(DEVELOPER_FRAMEWORKS_DIR)",
				);
				GCC_PRECOMPILE_PREFIX_HEADER = YES;
				GCC_PREFIX_HEADER = "Mathletes/Mathletes-Prefix.pch";
				GCC_PREPROCESSOR_DEFINITIONS = (
					"DEBUG=1",
					"$(inherited)",
				);
				INFOPLIST_FILE = "MathletesTests/MathletesTests-Info.plist";
				PRODUCT_NAME = "$(TARGET_NAME)";
				TEST_HOST = "$(BUNDLE_LOADER)";
				WRAPPER_EXTENSION = xctest;
			};
			name = Debug;
		};
		6D891ED718A582EC0002B915 /* Release */ = {
			isa = XCBuildConfiguration;
			buildSettings = {
				ARCHS = "$(ARCHS_STANDARD_INCLUDING_64_BIT)";
				BUNDLE_LOADER = "$(BUILT_PRODUCTS_DIR)/Mathletes.app/Mathletes";
				FRAMEWORK_SEARCH_PATHS = (
					"$(SDKROOT)/Developer/Library/Frameworks",
					"$(inherited)",
					"$(DEVELOPER_FRAMEWORKS_DIR)",
				);
				GCC_PRECOMPILE_PREFIX_HEADER = YES;
				GCC_PREFIX_HEADER = "Mathletes/Mathletes-Prefix.pch";
				INFOPLIST_FILE = "MathletesTests/MathletesTests-Info.plist";
				PRODUCT_NAME = "$(TARGET_NAME)";
				TEST_HOST = "$(BUNDLE_LOADER)";
				WRAPPER_EXTENSION = xctest;
			};
			name = Release;
		};
/* End XCBuildConfiguration section */

/* Begin XCConfigurationList section */
		6D891E9B18A582EC0002B915 /* Build configuration list for PBXProject "Mathletes" */ = {
			isa = XCConfigurationList;
			buildConfigurations = (
				6D891ED018A582EC0002B915 /* Debug */,
				6D891ED118A582EC0002B915 /* Release */,
			);
			defaultConfigurationIsVisible = 0;
			defaultConfigurationName = Release;
		};
		6D891ED218A582EC0002B915 /* Build configuration list for PBXNativeTarget "Mathletes" */ = {
			isa = XCConfigurationList;
			buildConfigurations = (
				6D891ED318A582EC0002B915 /* Debug */,
				6D891ED418A582EC0002B915 /* Release */,
			);
			defaultConfigurationIsVisible = 0;
			defaultConfigurationName = Release;
		};
		6D891ED518A582EC0002B915 /* Build configuration list for PBXNativeTarget "MathletesTests" */ = {
			isa = XCConfigurationList;
			buildConfigurations = (
				6D891ED618A582EC0002B915 /* Debug */,
				6D891ED718A582EC0002B915 /* Release */,
			);
			defaultConfigurationIsVisible = 0;
			defaultConfigurationName = Release;
		};
/* End XCConfigurationList section */
	};
	rootObject = 6D891E9818A582EC0002B915 /* Project object */;
}
